// !$*UTF8*$!
{
	archiveVersion = 1;
	classes = {
	};
	objectVersion = 46;
	objects = {

/* Begin PBXAggregateTarget section */
		F8FD0F5A1D5B76BC0079640C /* FlorenceFatSDK */ = {
			isa = PBXAggregateTarget;
			buildConfigurationList = F8FD0F5B1D5B76BC0079640C /* Build configuration list for PBXAggregateTarget "FlorenceFatSDK" */;
			buildPhases = (
				F8FD0F601D5B770E0079640C /* ShellScript */,
			);
			dependencies = (
			);
			name = FlorenceFatSDK;
			productName = FlorenceFatSDK;
		};
/* End PBXAggregateTarget section */

/* Begin PBXBuildFile section */
		F8210F141D2A7A0200399B4A /* FlorenceSDK.h in Headers */ = {isa = PBXBuildFile; fileRef = F8210F131D2A7A0200399B4A /* FlorenceSDK.h */; settings = {ATTRIBUTES = (Public, ); }; };
		F8210F1B1D2A7A0200399B4A /* FlorenceSDK.framework in Frameworks */ = {isa = PBXBuildFile; fileRef = F8210F101D2A7A0200399B4A /* FlorenceSDK.framework */; };
		F840906C1D3FBEB500344C06 /* OTObjectAnnounceableResource.h in Headers */ = {isa = PBXBuildFile; fileRef = F840906A1D3FBEB500344C06 /* OTObjectAnnounceableResource.h */; settings = {ATTRIBUTES = (Public, ); }; };
		F840906D1D3FBEB500344C06 /* OTObjectAnnounceableResource.m in Sources */ = {isa = PBXBuildFile; fileRef = F840906B1D3FBEB500344C06 /* OTObjectAnnounceableResource.m */; };
		F84090701D3FC5F300344C06 /* OTObjectAnnounceableResource+Private.h in Headers */ = {isa = PBXBuildFile; fileRef = F840906F1D3FC5F300344C06 /* OTObjectAnnounceableResource+Private.h */; };
		F8548EFC1D47B83500570EE3 /* OTGroup.h in Headers */ = {isa = PBXBuildFile; fileRef = F8548EFA1D47B83500570EE3 /* OTGroup.h */; settings = {ATTRIBUTES = (Public, ); }; };
		F8548EFD1D47B83500570EE3 /* OTGroup.m in Sources */ = {isa = PBXBuildFile; fileRef = F8548EFB1D47B83500570EE3 /* OTGroup.m */; };
		F8615D471D50C4C600BA4A2B /* OTLocationRegionCircular.h in Headers */ = {isa = PBXBuildFile; fileRef = F8615D451D50C4C600BA4A2B /* OTLocationRegionCircular.h */; settings = {ATTRIBUTES = (Public, ); }; };
		F8615D481D50C4C600BA4A2B /* OTLocationRegionCircular.m in Sources */ = {isa = PBXBuildFile; fileRef = F8615D461D50C4C600BA4A2B /* OTLocationRegionCircular.m */; };
		F86C7C091D2EA97F002A1146 /* OTObjectBase+Private.h in Headers */ = {isa = PBXBuildFile; fileRef = F86C7C081D2EA978002A1146 /* OTObjectBase+Private.h */; };
		F887CAAD1D2BA3FE00076A22 /* OTApplicationEntity.h in Headers */ = {isa = PBXBuildFile; fileRef = F887CAAB1D2BA3FE00076A22 /* OTApplicationEntity.h */; settings = {ATTRIBUTES = (Public, ); }; };
		F887CAAE1D2BA3FE00076A22 /* OTApplicationEntity.m in Sources */ = {isa = PBXBuildFile; fileRef = F887CAAC1D2BA3FE00076A22 /* OTApplicationEntity.m */; };
		F887CAB21D2BA69700076A22 /* OTUrlRequestMap.h in Headers */ = {isa = PBXBuildFile; fileRef = F887CAB01D2BA69700076A22 /* OTUrlRequestMap.h */; };
		F887CAB31D2BA69700076A22 /* OTUrlRequestMap.m in Sources */ = {isa = PBXBuildFile; fileRef = F887CAB11D2BA69700076A22 /* OTUrlRequestMap.m */; };
		F887CAB71D2BA75A00076A22 /* OTContainer.h in Headers */ = {isa = PBXBuildFile; fileRef = F887CAB51D2BA75A00076A22 /* OTContainer.h */; settings = {ATTRIBUTES = (Public, ); }; };
		F887CAB81D2BA75A00076A22 /* OTContainer.m in Sources */ = {isa = PBXBuildFile; fileRef = F887CAB61D2BA75A00076A22 /* OTContainer.m */; };
		F887CABC1D2BB1F000076A22 /* OTCommonServicesEntity.h in Headers */ = {isa = PBXBuildFile; fileRef = F887CABA1D2BB1F000076A22 /* OTCommonServicesEntity.h */; settings = {ATTRIBUTES = (Public, ); }; };
		F887CABD1D2BB1F000076A22 /* OTCommonServicesEntity.m in Sources */ = {isa = PBXBuildFile; fileRef = F887CABB1D2BB1F000076A22 /* OTCommonServicesEntity.m */; };
		F887CAC81D2BCA1A00076A22 /* CommonServicesEntityTests.m in Sources */ = {isa = PBXBuildFile; fileRef = F887CAC71D2BCA1A00076A22 /* CommonServicesEntityTests.m */; };
		F887CACA1D2BCBE900076A22 /* ApplicationEntityTests.m in Sources */ = {isa = PBXBuildFile; fileRef = F887CAC91D2BCBE900076A22 /* ApplicationEntityTests.m */; };
		F887CACC1D2BCC0A00076A22 /* BaseTest.m in Sources */ = {isa = PBXBuildFile; fileRef = F887CACB1D2BCC0A00076A22 /* BaseTest.m */; };
		F887CACE1D2BCD8E00076A22 /* ContainerTests.m in Sources */ = {isa = PBXBuildFile; fileRef = F887CACD1D2BCD8E00076A22 /* ContainerTests.m */; };
		F887CAD01D2BCEAE00076A22 /* ServiceMapTests.m in Sources */ = {isa = PBXBuildFile; fileRef = F887CACF1D2BCEAE00076A22 /* ServiceMapTests.m */; };
		F8920C761D4A0DAD00B1B47B /* NSObject+Extras.h in Headers */ = {isa = PBXBuildFile; fileRef = F8920C741D4A0DAD00B1B47B /* NSObject+Extras.h */; };
		F8920C771D4A0DAD00B1B47B /* NSObject+Extras.m in Sources */ = {isa = PBXBuildFile; fileRef = F8920C751D4A0DAD00B1B47B /* NSObject+Extras.m */; };
		F8920C821D4A40EE00B1B47B /* OTAccessControlPolicy.h in Headers */ = {isa = PBXBuildFile; fileRef = F8920C801D4A40EE00B1B47B /* OTAccessControlPolicy.h */; settings = {ATTRIBUTES = (Public, ); }; };
		F8920C831D4A40EE00B1B47B /* OTAccessControlPolicy.m in Sources */ = {isa = PBXBuildFile; fileRef = F8920C811D4A40EE00B1B47B /* OTAccessControlPolicy.m */; };
		F8920C871D4A4DC700B1B47B /* OTSetOfAccessControlRules.h in Headers */ = {isa = PBXBuildFile; fileRef = F8920C851D4A4DC700B1B47B /* OTSetOfAccessControlRules.h */; settings = {ATTRIBUTES = (Public, ); }; };
		F8920C881D4A4DC700B1B47B /* OTSetOfAccessControlRules.m in Sources */ = {isa = PBXBuildFile; fileRef = F8920C861D4A4DC700B1B47B /* OTSetOfAccessControlRules.m */; };
		F8920C8B1D4A4DF900B1B47B /* OTAccessControlRule.h in Headers */ = {isa = PBXBuildFile; fileRef = F8920C891D4A4DF900B1B47B /* OTAccessControlRule.h */; settings = {ATTRIBUTES = (Public, ); }; };
		F8920C8C1D4A4DF900B1B47B /* OTAccessControlRule.m in Sources */ = {isa = PBXBuildFile; fileRef = F8920C8A1D4A4DF900B1B47B /* OTAccessControlRule.m */; };
		F8920C8F1D4A4F1900B1B47B /* OTAccessControlContext.h in Headers */ = {isa = PBXBuildFile; fileRef = F8920C8D1D4A4F1900B1B47B /* OTAccessControlContext.h */; settings = {ATTRIBUTES = (Public, ); }; };
		F8920C901D4A4F1900B1B47B /* OTAccessControlContext.m in Sources */ = {isa = PBXBuildFile; fileRef = F8920C8E1D4A4F1900B1B47B /* OTAccessControlContext.m */; };
		F8920C931D4A4F5400B1B47B /* OTAccessControlIpAddress.h in Headers */ = {isa = PBXBuildFile; fileRef = F8920C911D4A4F5400B1B47B /* OTAccessControlIpAddress.h */; settings = {ATTRIBUTES = (Public, ); }; };
		F8920C941D4A4F5400B1B47B /* OTAccessControlIpAddress.m in Sources */ = {isa = PBXBuildFile; fileRef = F8920C921D4A4F5400B1B47B /* OTAccessControlIpAddress.m */; };
		F8920C971D4A519700B1B47B /* OTLocationRegion.h in Headers */ = {isa = PBXBuildFile; fileRef = F8920C951D4A519700B1B47B /* OTLocationRegion.h */; settings = {ATTRIBUTES = (Public, ); }; };
		F8920C981D4A519700B1B47B /* OTLocationRegion.m in Sources */ = {isa = PBXBuildFile; fileRef = F8920C961D4A519700B1B47B /* OTLocationRegion.m */; };
		F8920C9B1D4A53B600B1B47B /* GroupTests.m in Sources */ = {isa = PBXBuildFile; fileRef = F8920C9A1D4A53B600B1B47B /* GroupTests.m */; };
		F8920C9D1D4A53C400B1B47B /* AcpTests.m in Sources */ = {isa = PBXBuildFile; fileRef = F8920C9C1D4A53C400B1B47B /* AcpTests.m */; };
		F8A1D59F1D2F9204009ED5F4 /* OTApplicationEntity+Private.h in Headers */ = {isa = PBXBuildFile; fileRef = F8A1D59D1D2F917C009ED5F4 /* OTApplicationEntity+Private.h */; };
		F8A1D5A01D2F9207009ED5F4 /* OTContainer+Private.h in Headers */ = {isa = PBXBuildFile; fileRef = F8A1D59E1D2F91FF009ED5F4 /* OTContainer+Private.h */; };
		F8A1D5A21D2F9218009ED5F4 /* OTContentInstance+Private.h in Headers */ = {isa = PBXBuildFile; fileRef = F8A1D5A11D2F9218009ED5F4 /* OTContentInstance+Private.h */; };
		F8CA28101D2E4376003A3FDB /* OTObjectBase.h in Headers */ = {isa = PBXBuildFile; fileRef = F8CA280E1D2E4376003A3FDB /* OTObjectBase.h */; settings = {ATTRIBUTES = (Public, ); }; };
		F8CA28111D2E4376003A3FDB /* OTObjectBase.m in Sources */ = {isa = PBXBuildFile; fileRef = F8CA280F1D2E4376003A3FDB /* OTObjectBase.m */; };
		F8CA28131D2E82E1003A3FDB /* ObjectBaseTests.m in Sources */ = {isa = PBXBuildFile; fileRef = F8CA28121D2E82E1003A3FDB /* ObjectBaseTests.m */; };
		F8E99C541D2FB68500825DAE /* SessionTaskTests.m in Sources */ = {isa = PBXBuildFile; fileRef = F8E99C531D2FB68500825DAE /* SessionTaskTests.m */; };
		F8F59FDD1D2BF30E00E93A4D /* OTSessionTask.h in Headers */ = {isa = PBXBuildFile; fileRef = F8F59FDB1D2BF30E00E93A4D /* OTSessionTask.h */; settings = {ATTRIBUTES = (Public, ); }; };
		F8F59FDE1D2BF30E00E93A4D /* OTSessionTask.m in Sources */ = {isa = PBXBuildFile; fileRef = F8F59FDC1D2BF30E00E93A4D /* OTSessionTask.m */; };
		F8F59FDF1D2BF45400E93A4D /* OTTypes.h in Headers */ = {isa = PBXBuildFile; fileRef = F887CAAA1D2B9D8F00076A22 /* OTTypes.h */; settings = {ATTRIBUTES = (Public, ); }; };
		F8F59FE61D2C0C7700E93A4D /* OTContentInstance.h in Headers */ = {isa = PBXBuildFile; fileRef = F8F59FE41D2C0C7700E93A4D /* OTContentInstance.h */; settings = {ATTRIBUTES = (Public, ); }; };
		F8F59FE71D2C0C7700E93A4D /* OTContentInstance.m in Sources */ = {isa = PBXBuildFile; fileRef = F8F59FE51D2C0C7700E93A4D /* OTContentInstance.m */; };
		F8F59FE91D2C151400E93A4D /* ContentInstanceTests.m in Sources */ = {isa = PBXBuildFile; fileRef = F8F59FE81D2C151400E93A4D /* ContentInstanceTests.m */; };
/* End PBXBuildFile section */

/* Begin PBXContainerItemProxy section */
		F8210F1C1D2A7A0200399B4A /* PBXContainerItemProxy */ = {
			isa = PBXContainerItemProxy;
			containerPortal = F8210F071D2A7A0200399B4A /* Project object */;
			proxyType = 1;
			remoteGlobalIDString = F8210F0F1D2A7A0200399B4A;
			remoteInfo = FlorenceSDK;
		};
/* End PBXContainerItemProxy section */

/* Begin PBXFileReference section */
		F8210F101D2A7A0200399B4A /* FlorenceSDK.framework */ = {isa = PBXFileReference; explicitFileType = wrapper.framework; includeInIndex = 0; path = FlorenceSDK.framework; sourceTree = BUILT_PRODUCTS_DIR; };
		F8210F131D2A7A0200399B4A /* FlorenceSDK.h */ = {isa = PBXFileReference; lastKnownFileType = sourcecode.c.h; path = FlorenceSDK.h; sourceTree = "<group>"; };
		F8210F151D2A7A0200399B4A /* Info.plist */ = {isa = PBXFileReference; lastKnownFileType = text.plist.xml; path = Info.plist; sourceTree = "<group>"; };
		F8210F1A1D2A7A0200399B4A /* FlorenceSDKTests.xctest */ = {isa = PBXFileReference; explicitFileType = wrapper.cfbundle; includeInIndex = 0; path = FlorenceSDKTests.xctest; sourceTree = BUILT_PRODUCTS_DIR; };
		F8210F211D2A7A0200399B4A /* Info.plist */ = {isa = PBXFileReference; lastKnownFileType = text.plist.xml; path = Info.plist; sourceTree = "<group>"; };
		F840906A1D3FBEB500344C06 /* OTObjectAnnounceableResource.h */ = {isa = PBXFileReference; fileEncoding = 4; lastKnownFileType = sourcecode.c.h; path = OTObjectAnnounceableResource.h; sourceTree = "<group>"; };
		F840906B1D3FBEB500344C06 /* OTObjectAnnounceableResource.m */ = {isa = PBXFileReference; fileEncoding = 4; lastKnownFileType = sourcecode.c.objc; path = OTObjectAnnounceableResource.m; sourceTree = "<group>"; };
		F840906F1D3FC5F300344C06 /* OTObjectAnnounceableResource+Private.h */ = {isa = PBXFileReference; fileEncoding = 4; lastKnownFileType = sourcecode.c.h; path = "OTObjectAnnounceableResource+Private.h"; sourceTree = "<group>"; };
		F8548EFA1D47B83500570EE3 /* OTGroup.h */ = {isa = PBXFileReference; fileEncoding = 4; lastKnownFileType = sourcecode.c.h; path = OTGroup.h; sourceTree = "<group>"; };
		F8548EFB1D47B83500570EE3 /* OTGroup.m */ = {isa = PBXFileReference; fileEncoding = 4; lastKnownFileType = sourcecode.c.objc; path = OTGroup.m; sourceTree = "<group>"; };
		F8548EFE1D47B84E00570EE3 /* OTGroup+Private.h */ = {isa = PBXFileReference; lastKnownFileType = sourcecode.c.h; path = "OTGroup+Private.h"; sourceTree = "<group>"; };
		F8615D451D50C4C600BA4A2B /* OTLocationRegionCircular.h */ = {isa = PBXFileReference; fileEncoding = 4; lastKnownFileType = sourcecode.c.h; path = OTLocationRegionCircular.h; sourceTree = "<group>"; };
		F8615D461D50C4C600BA4A2B /* OTLocationRegionCircular.m */ = {isa = PBXFileReference; fileEncoding = 4; lastKnownFileType = sourcecode.c.objc; path = OTLocationRegionCircular.m; sourceTree = "<group>"; };
		F86C7C081D2EA978002A1146 /* OTObjectBase+Private.h */ = {isa = PBXFileReference; lastKnownFileType = sourcecode.c.h; path = "OTObjectBase+Private.h"; sourceTree = "<group>"; };
		F887CAAA1D2B9D8F00076A22 /* OTTypes.h */ = {isa = PBXFileReference; lastKnownFileType = sourcecode.c.h; path = OTTypes.h; sourceTree = "<group>"; };
		F887CAAB1D2BA3FE00076A22 /* OTApplicationEntity.h */ = {isa = PBXFileReference; fileEncoding = 4; lastKnownFileType = sourcecode.c.h; path = OTApplicationEntity.h; sourceTree = "<group>"; };
		F887CAAC1D2BA3FE00076A22 /* OTApplicationEntity.m */ = {isa = PBXFileReference; fileEncoding = 4; lastKnownFileType = sourcecode.c.objc; path = OTApplicationEntity.m; sourceTree = "<group>"; };
		F887CAB01D2BA69700076A22 /* OTUrlRequestMap.h */ = {isa = PBXFileReference; fileEncoding = 4; lastKnownFileType = sourcecode.c.h; path = OTUrlRequestMap.h; sourceTree = "<group>"; };
		F887CAB11D2BA69700076A22 /* OTUrlRequestMap.m */ = {isa = PBXFileReference; fileEncoding = 4; lastKnownFileType = sourcecode.c.objc; path = OTUrlRequestMap.m; sourceTree = "<group>"; };
		F887CAB51D2BA75A00076A22 /* OTContainer.h */ = {isa = PBXFileReference; fileEncoding = 4; lastKnownFileType = sourcecode.c.h; path = OTContainer.h; sourceTree = "<group>"; };
		F887CAB61D2BA75A00076A22 /* OTContainer.m */ = {isa = PBXFileReference; fileEncoding = 4; lastKnownFileType = sourcecode.c.objc; path = OTContainer.m; sourceTree = "<group>"; };
		F887CABA1D2BB1F000076A22 /* OTCommonServicesEntity.h */ = {isa = PBXFileReference; fileEncoding = 4; lastKnownFileType = sourcecode.c.h; path = OTCommonServicesEntity.h; sourceTree = "<group>"; };
		F887CABB1D2BB1F000076A22 /* OTCommonServicesEntity.m */ = {isa = PBXFileReference; fileEncoding = 4; lastKnownFileType = sourcecode.c.objc; path = OTCommonServicesEntity.m; sourceTree = "<group>"; };
		F887CAC71D2BCA1A00076A22 /* CommonServicesEntityTests.m */ = {isa = PBXFileReference; fileEncoding = 4; lastKnownFileType = sourcecode.c.objc; path = CommonServicesEntityTests.m; sourceTree = "<group>"; };
		F887CAC91D2BCBE900076A22 /* ApplicationEntityTests.m */ = {isa = PBXFileReference; fileEncoding = 4; lastKnownFileType = sourcecode.c.objc; path = ApplicationEntityTests.m; sourceTree = "<group>"; };
		F887CACB1D2BCC0A00076A22 /* BaseTest.m */ = {isa = PBXFileReference; fileEncoding = 4; lastKnownFileType = sourcecode.c.objc; path = BaseTest.m; sourceTree = "<group>"; };
		F887CACD1D2BCD8E00076A22 /* ContainerTests.m */ = {isa = PBXFileReference; fileEncoding = 4; lastKnownFileType = sourcecode.c.objc; path = ContainerTests.m; sourceTree = "<group>"; };
		F887CACF1D2BCEAE00076A22 /* ServiceMapTests.m */ = {isa = PBXFileReference; fileEncoding = 4; lastKnownFileType = sourcecode.c.objc; path = ServiceMapTests.m; sourceTree = "<group>"; };
		F8920C741D4A0DAD00B1B47B /* NSObject+Extras.h */ = {isa = PBXFileReference; fileEncoding = 4; lastKnownFileType = sourcecode.c.h; path = "NSObject+Extras.h"; sourceTree = "<group>"; };
		F8920C751D4A0DAD00B1B47B /* NSObject+Extras.m */ = {isa = PBXFileReference; fileEncoding = 4; lastKnownFileType = sourcecode.c.objc; path = "NSObject+Extras.m"; sourceTree = "<group>"; };
		F8920C801D4A40EE00B1B47B /* OTAccessControlPolicy.h */ = {isa = PBXFileReference; fileEncoding = 4; lastKnownFileType = sourcecode.c.h; path = OTAccessControlPolicy.h; sourceTree = "<group>"; };
		F8920C811D4A40EE00B1B47B /* OTAccessControlPolicy.m */ = {isa = PBXFileReference; fileEncoding = 4; lastKnownFileType = sourcecode.c.objc; path = OTAccessControlPolicy.m; sourceTree = "<group>"; };
		F8920C841D4A410300B1B47B /* OTAccessControlPolicy+Private.h */ = {isa = PBXFileReference; lastKnownFileType = sourcecode.c.h; path = "OTAccessControlPolicy+Private.h"; sourceTree = "<group>"; };
		F8920C851D4A4DC700B1B47B /* OTSetOfAccessControlRules.h */ = {isa = PBXFileReference; fileEncoding = 4; lastKnownFileType = sourcecode.c.h; path = OTSetOfAccessControlRules.h; sourceTree = "<group>"; };
		F8920C861D4A4DC700B1B47B /* OTSetOfAccessControlRules.m */ = {isa = PBXFileReference; fileEncoding = 4; lastKnownFileType = sourcecode.c.objc; path = OTSetOfAccessControlRules.m; sourceTree = "<group>"; };
		F8920C891D4A4DF900B1B47B /* OTAccessControlRule.h */ = {isa = PBXFileReference; fileEncoding = 4; lastKnownFileType = sourcecode.c.h; path = OTAccessControlRule.h; sourceTree = "<group>"; };
		F8920C8A1D4A4DF900B1B47B /* OTAccessControlRule.m */ = {isa = PBXFileReference; fileEncoding = 4; lastKnownFileType = sourcecode.c.objc; path = OTAccessControlRule.m; sourceTree = "<group>"; };
		F8920C8D1D4A4F1900B1B47B /* OTAccessControlContext.h */ = {isa = PBXFileReference; fileEncoding = 4; lastKnownFileType = sourcecode.c.h; path = OTAccessControlContext.h; sourceTree = "<group>"; };
		F8920C8E1D4A4F1900B1B47B /* OTAccessControlContext.m */ = {isa = PBXFileReference; fileEncoding = 4; lastKnownFileType = sourcecode.c.objc; path = OTAccessControlContext.m; sourceTree = "<group>"; };
		F8920C911D4A4F5400B1B47B /* OTAccessControlIpAddress.h */ = {isa = PBXFileReference; fileEncoding = 4; lastKnownFileType = sourcecode.c.h; path = OTAccessControlIpAddress.h; sourceTree = "<group>"; };
		F8920C921D4A4F5400B1B47B /* OTAccessControlIpAddress.m */ = {isa = PBXFileReference; fileEncoding = 4; lastKnownFileType = sourcecode.c.objc; path = OTAccessControlIpAddress.m; sourceTree = "<group>"; };
		F8920C951D4A519700B1B47B /* OTLocationRegion.h */ = {isa = PBXFileReference; fileEncoding = 4; lastKnownFileType = sourcecode.c.h; path = OTLocationRegion.h; sourceTree = "<group>"; };
		F8920C961D4A519700B1B47B /* OTLocationRegion.m */ = {isa = PBXFileReference; fileEncoding = 4; lastKnownFileType = sourcecode.c.objc; path = OTLocationRegion.m; sourceTree = "<group>"; };
		F8920C9A1D4A53B600B1B47B /* GroupTests.m */ = {isa = PBXFileReference; fileEncoding = 4; lastKnownFileType = sourcecode.c.objc; path = GroupTests.m; sourceTree = "<group>"; };
		F8920C9C1D4A53C400B1B47B /* AcpTests.m */ = {isa = PBXFileReference; fileEncoding = 4; lastKnownFileType = sourcecode.c.objc; path = AcpTests.m; sourceTree = "<group>"; };
		F8A1D59D1D2F917C009ED5F4 /* OTApplicationEntity+Private.h */ = {isa = PBXFileReference; lastKnownFileType = sourcecode.c.h; path = "OTApplicationEntity+Private.h"; sourceTree = "<group>"; };
		F8A1D59E1D2F91FF009ED5F4 /* OTContainer+Private.h */ = {isa = PBXFileReference; lastKnownFileType = sourcecode.c.h; path = "OTContainer+Private.h"; sourceTree = "<group>"; };
		F8A1D5A11D2F9218009ED5F4 /* OTContentInstance+Private.h */ = {isa = PBXFileReference; fileEncoding = 4; lastKnownFileType = sourcecode.c.h; path = "OTContentInstance+Private.h"; sourceTree = "<group>"; };
		F8A1D5A31D2F9257009ED5F4 /* OTCommonServicesEntity+Private.h */ = {isa = PBXFileReference; lastKnownFileType = sourcecode.c.h; path = "OTCommonServicesEntity+Private.h"; sourceTree = "<group>"; };
		F8CA280E1D2E4376003A3FDB /* OTObjectBase.h */ = {isa = PBXFileReference; fileEncoding = 4; lastKnownFileType = sourcecode.c.h; path = OTObjectBase.h; sourceTree = "<group>"; };
		F8CA280F1D2E4376003A3FDB /* OTObjectBase.m */ = {isa = PBXFileReference; fileEncoding = 4; lastKnownFileType = sourcecode.c.objc; path = OTObjectBase.m; sourceTree = "<group>"; };
		F8CA28121D2E82E1003A3FDB /* ObjectBaseTests.m */ = {isa = PBXFileReference; fileEncoding = 4; lastKnownFileType = sourcecode.c.objc; path = ObjectBaseTests.m; sourceTree = "<group>"; };
		F8E5D9F31D3CD9A900710E70 /* OTSessionTask+Private.h */ = {isa = PBXFileReference; lastKnownFileType = sourcecode.c.h; path = "OTSessionTask+Private.h"; sourceTree = "<group>"; };
		F8E99C531D2FB68500825DAE /* SessionTaskTests.m */ = {isa = PBXFileReference; fileEncoding = 4; lastKnownFileType = sourcecode.c.objc; path = SessionTaskTests.m; sourceTree = "<group>"; };
		F8F59FDA1D2BD96F00E93A4D /* BaseTest.h */ = {isa = PBXFileReference; lastKnownFileType = sourcecode.c.h; path = BaseTest.h; sourceTree = "<group>"; };
		F8F59FDB1D2BF30E00E93A4D /* OTSessionTask.h */ = {isa = PBXFileReference; fileEncoding = 4; lastKnownFileType = sourcecode.c.h; path = OTSessionTask.h; sourceTree = "<group>"; };
		F8F59FDC1D2BF30E00E93A4D /* OTSessionTask.m */ = {isa = PBXFileReference; fileEncoding = 4; lastKnownFileType = sourcecode.c.objc; path = OTSessionTask.m; sourceTree = "<group>"; };
		F8F59FE11D2C037A00E93A4D /* FlorenceSDK-Prefix.pch */ = {isa = PBXFileReference; lastKnownFileType = sourcecode.c.h; path = "FlorenceSDK-Prefix.pch"; sourceTree = "<group>"; };
		F8F59FE41D2C0C7700E93A4D /* OTContentInstance.h */ = {isa = PBXFileReference; fileEncoding = 4; lastKnownFileType = sourcecode.c.h; path = OTContentInstance.h; sourceTree = "<group>"; };
		F8F59FE51D2C0C7700E93A4D /* OTContentInstance.m */ = {isa = PBXFileReference; fileEncoding = 4; lastKnownFileType = sourcecode.c.objc; path = OTContentInstance.m; sourceTree = "<group>"; };
		F8F59FE81D2C151400E93A4D /* ContentInstanceTests.m */ = {isa = PBXFileReference; fileEncoding = 4; lastKnownFileType = sourcecode.c.objc; path = ContentInstanceTests.m; sourceTree = "<group>"; };
/* End PBXFileReference section */

/* Begin PBXFrameworksBuildPhase section */
		F8210F0C1D2A7A0200399B4A /* Frameworks */ = {
			isa = PBXFrameworksBuildPhase;
			buildActionMask = 2147483647;
			files = (
			);
			runOnlyForDeploymentPostprocessing = 0;
		};
		F8210F171D2A7A0200399B4A /* Frameworks */ = {
			isa = PBXFrameworksBuildPhase;
			buildActionMask = 2147483647;
			files = (
				F8210F1B1D2A7A0200399B4A /* FlorenceSDK.framework in Frameworks */,
			);
			runOnlyForDeploymentPostprocessing = 0;
		};
/* End PBXFrameworksBuildPhase section */

/* Begin PBXGroup section */
		F8079BF21D463F9C0079AB57 /* CSE */ = {
			isa = PBXGroup;
			children = (
				F887CABA1D2BB1F000076A22 /* OTCommonServicesEntity.h */,
				F8A1D5A31D2F9257009ED5F4 /* OTCommonServicesEntity+Private.h */,
				F887CABB1D2BB1F000076A22 /* OTCommonServicesEntity.m */,
			);
			name = CSE;
			sourceTree = "<group>";
		};
		F8210F061D2A7A0200399B4A = {
			isa = PBXGroup;
			children = (
				F8210F121D2A7A0200399B4A /* FlorenceSDK */,
				F8210F1E1D2A7A0200399B4A /* FlorenceSDKTests */,
				F8210F111D2A7A0200399B4A /* Products */,
			);
			sourceTree = "<group>";
		};
		F8210F111D2A7A0200399B4A /* Products */ = {
			isa = PBXGroup;
			children = (
				F8210F101D2A7A0200399B4A /* FlorenceSDK.framework */,
				F8210F1A1D2A7A0200399B4A /* FlorenceSDKTests.xctest */,
			);
			name = Products;
			sourceTree = "<group>";
		};
		F8210F121D2A7A0200399B4A /* FlorenceSDK */ = {
			isa = PBXGroup;
			children = (
				F8210F131D2A7A0200399B4A /* FlorenceSDK.h */,
				F887CAAA1D2B9D8F00076A22 /* OTTypes.h */,
				F887CABF1D2BB4BF00076A22 /* CSE */,
				F8210F771D2A7FEF00399B4A /* Resources */,
				F8210F151D2A7A0200399B4A /* Info.plist */,
				F8F59FE11D2C037A00E93A4D /* FlorenceSDK-Prefix.pch */,
			);
			path = FlorenceSDK;
			sourceTree = "<group>";
		};
		F8210F1E1D2A7A0200399B4A /* FlorenceSDKTests */ = {
			isa = PBXGroup;
			children = (
				F8F59FDA1D2BD96F00E93A4D /* BaseTest.h */,
				F887CACB1D2BCC0A00076A22 /* BaseTest.m */,
				F8CA28121D2E82E1003A3FDB /* ObjectBaseTests.m */,
				F887CAC71D2BCA1A00076A22 /* CommonServicesEntityTests.m */,
				F887CAC91D2BCBE900076A22 /* ApplicationEntityTests.m */,
				F887CACD1D2BCD8E00076A22 /* ContainerTests.m */,
				F8F59FE81D2C151400E93A4D /* ContentInstanceTests.m */,
				F8920C9A1D4A53B600B1B47B /* GroupTests.m */,
				F8920C9C1D4A53C400B1B47B /* AcpTests.m */,
				F887CACF1D2BCEAE00076A22 /* ServiceMapTests.m */,
				F8E99C531D2FB68500825DAE /* SessionTaskTests.m */,
				F8210F211D2A7A0200399B4A /* Info.plist */,
			);
			path = FlorenceSDKTests;
			sourceTree = "<group>";
		};
		F8210F771D2A7FEF00399B4A /* Resources */ = {
			isa = PBXGroup;
			children = (
				F887CAB01D2BA69700076A22 /* OTUrlRequestMap.h */,
				F887CAB11D2BA69700076A22 /* OTUrlRequestMap.m */,
				F8F59FDB1D2BF30E00E93A4D /* OTSessionTask.h */,
				F8E5D9F31D3CD9A900710E70 /* OTSessionTask+Private.h */,
				F8F59FDC1D2BF30E00E93A4D /* OTSessionTask.m */,
			);
			name = Resources;
			sourceTree = "<group>";
		};
		F8548EF91D47B81400570EE3 /* Group */ = {
			isa = PBXGroup;
			children = (
				F8548EFA1D47B83500570EE3 /* OTGroup.h */,
				F8548EFE1D47B84E00570EE3 /* OTGroup+Private.h */,
				F8548EFB1D47B83500570EE3 /* OTGroup.m */,
			);
			name = Group;
			sourceTree = "<group>";
		};
		F887CABF1D2BB4BF00076A22 /* CSE */ = {
			isa = PBXGroup;
			children = (
				F8CA280E1D2E4376003A3FDB /* OTObjectBase.h */,
				F86C7C081D2EA978002A1146 /* OTObjectBase+Private.h */,
				F8CA280F1D2E4376003A3FDB /* OTObjectBase.m */,
				F840906A1D3FBEB500344C06 /* OTObjectAnnounceableResource.h */,
				F840906F1D3FC5F300344C06 /* OTObjectAnnounceableResource+Private.h */,
				F840906B1D3FBEB500344C06 /* OTObjectAnnounceableResource.m */,
				F8079BF21D463F9C0079AB57 /* CSE */,
				F887CAC01D2BB4C800076A22 /* AE */,
				F887CAC11D2BB4D100076A22 /* Container */,
				F8F59FE31D2C0C5E00E93A4D /* Content Instances */,
				F8548EF91D47B81400570EE3 /* Group */,
				F8920C7F1D4A40CC00B1B47B /* AccessControlPolicy */,
				F8920C741D4A0DAD00B1B47B /* NSObject+Extras.h */,
				F8920C751D4A0DAD00B1B47B /* NSObject+Extras.m */,
			);
			name = CSE;
			sourceTree = "<group>";
		};
		F887CAC01D2BB4C800076A22 /* AE */ = {
			isa = PBXGroup;
			children = (
				F887CAAB1D2BA3FE00076A22 /* OTApplicationEntity.h */,
				F8A1D59D1D2F917C009ED5F4 /* OTApplicationEntity+Private.h */,
				F887CAAC1D2BA3FE00076A22 /* OTApplicationEntity.m */,
			);
			name = AE;
			sourceTree = "<group>";
		};
		F887CAC11D2BB4D100076A22 /* Container */ = {
			isa = PBXGroup;
			children = (
				F887CAB51D2BA75A00076A22 /* OTContainer.h */,
				F8A1D59E1D2F91FF009ED5F4 /* OTContainer+Private.h */,
				F887CAB61D2BA75A00076A22 /* OTContainer.m */,
			);
			name = Container;
			sourceTree = "<group>";
		};
		F8920C7F1D4A40CC00B1B47B /* AccessControlPolicy */ = {
			isa = PBXGroup;
			children = (
				F8920C801D4A40EE00B1B47B /* OTAccessControlPolicy.h */,
				F8920C841D4A410300B1B47B /* OTAccessControlPolicy+Private.h */,
				F8920C811D4A40EE00B1B47B /* OTAccessControlPolicy.m */,
				F8920C991D4A521D00B1B47B /* ACP Dependencies */,
			);
			name = AccessControlPolicy;
			sourceTree = "<group>";
		};
		F8920C991D4A521D00B1B47B /* ACP Dependencies */ = {
			isa = PBXGroup;
			children = (
				F8920C911D4A4F5400B1B47B /* OTAccessControlIpAddress.h */,
				F8920C921D4A4F5400B1B47B /* OTAccessControlIpAddress.m */,
				F8920C8D1D4A4F1900B1B47B /* OTAccessControlContext.h */,
				F8920C8E1D4A4F1900B1B47B /* OTAccessControlContext.m */,
				F8920C951D4A519700B1B47B /* OTLocationRegion.h */,
				F8920C961D4A519700B1B47B /* OTLocationRegion.m */,
				F8615D451D50C4C600BA4A2B /* OTLocationRegionCircular.h */,
				F8615D461D50C4C600BA4A2B /* OTLocationRegionCircular.m */,
				F8920C891D4A4DF900B1B47B /* OTAccessControlRule.h */,
				F8920C8A1D4A4DF900B1B47B /* OTAccessControlRule.m */,
				F8920C851D4A4DC700B1B47B /* OTSetOfAccessControlRules.h */,
				F8920C861D4A4DC700B1B47B /* OTSetOfAccessControlRules.m */,
			);
			name = "ACP Dependencies";
			sourceTree = "<group>";
		};
		F8F59FE31D2C0C5E00E93A4D /* Content Instances */ = {
			isa = PBXGroup;
			children = (
				F8F59FE41D2C0C7700E93A4D /* OTContentInstance.h */,
				F8A1D5A11D2F9218009ED5F4 /* OTContentInstance+Private.h */,
				F8F59FE51D2C0C7700E93A4D /* OTContentInstance.m */,
			);
			name = "Content Instances";
			sourceTree = "<group>";
		};
/* End PBXGroup section */

/* Begin PBXHeadersBuildPhase section */
		F8210F0D1D2A7A0200399B4A /* Headers */ = {
			isa = PBXHeadersBuildPhase;
			buildActionMask = 2147483647;
			files = (
				F8920C971D4A519700B1B47B /* OTLocationRegion.h in Headers */,
				F887CAAD1D2BA3FE00076A22 /* OTApplicationEntity.h in Headers */,
				F8920C931D4A4F5400B1B47B /* OTAccessControlIpAddress.h in Headers */,
				F8F59FDD1D2BF30E00E93A4D /* OTSessionTask.h in Headers */,
				F8920C761D4A0DAD00B1B47B /* NSObject+Extras.h in Headers */,
				F8920C871D4A4DC700B1B47B /* OTSetOfAccessControlRules.h in Headers */,
				F887CAB71D2BA75A00076A22 /* OTContainer.h in Headers */,
				F887CAB21D2BA69700076A22 /* OTUrlRequestMap.h in Headers */,
				F8F59FDF1D2BF45400E93A4D /* OTTypes.h in Headers */,
				F8A1D5A21D2F9218009ED5F4 /* OTContentInstance+Private.h in Headers */,
				F8920C8B1D4A4DF900B1B47B /* OTAccessControlRule.h in Headers */,
				F840906C1D3FBEB500344C06 /* OTObjectAnnounceableResource.h in Headers */,
				F8548EFC1D47B83500570EE3 /* OTGroup.h in Headers */,
				F8920C821D4A40EE00B1B47B /* OTAccessControlPolicy.h in Headers */,
				F8920C8F1D4A4F1900B1B47B /* OTAccessControlContext.h in Headers */,
				F86C7C091D2EA97F002A1146 /* OTObjectBase+Private.h in Headers */,
				F887CABC1D2BB1F000076A22 /* OTCommonServicesEntity.h in Headers */,
				F84090701D3FC5F300344C06 /* OTObjectAnnounceableResource+Private.h in Headers */,
				F8210F141D2A7A0200399B4A /* FlorenceSDK.h in Headers */,
				F8F59FE61D2C0C7700E93A4D /* OTContentInstance.h in Headers */,
				F8615D471D50C4C600BA4A2B /* OTLocationRegionCircular.h in Headers */,
				F8A1D5A01D2F9207009ED5F4 /* OTContainer+Private.h in Headers */,
				F8A1D59F1D2F9204009ED5F4 /* OTApplicationEntity+Private.h in Headers */,
				F8CA28101D2E4376003A3FDB /* OTObjectBase.h in Headers */,
			);
			runOnlyForDeploymentPostprocessing = 0;
		};
/* End PBXHeadersBuildPhase section */

/* Begin PBXNativeTarget section */
		F8210F0F1D2A7A0200399B4A /* FlorenceSDK */ = {
			isa = PBXNativeTarget;
			buildConfigurationList = F8210F241D2A7A0200399B4A /* Build configuration list for PBXNativeTarget "FlorenceSDK" */;
			buildPhases = (
				F8210F0B1D2A7A0200399B4A /* Sources */,
				F8210F0C1D2A7A0200399B4A /* Frameworks */,
				F8210F0D1D2A7A0200399B4A /* Headers */,
				F8210F0E1D2A7A0200399B4A /* Resources */,
			);
			buildRules = (
			);
			dependencies = (
			);
			name = FlorenceSDK;
			productName = FlorenceSDK;
			productReference = F8210F101D2A7A0200399B4A /* FlorenceSDK.framework */;
			productType = "com.apple.product-type.framework";
		};
		F8210F191D2A7A0200399B4A /* FlorenceSDKTests */ = {
			isa = PBXNativeTarget;
			buildConfigurationList = F8210F271D2A7A0200399B4A /* Build configuration list for PBXNativeTarget "FlorenceSDKTests" */;
			buildPhases = (
				F8210F161D2A7A0200399B4A /* Sources */,
				F8210F171D2A7A0200399B4A /* Frameworks */,
				F8210F181D2A7A0200399B4A /* Resources */,
			);
			buildRules = (
			);
			dependencies = (
				F8210F1D1D2A7A0200399B4A /* PBXTargetDependency */,
			);
			name = FlorenceSDKTests;
			productName = FlorenceSDKTests;
			productReference = F8210F1A1D2A7A0200399B4A /* FlorenceSDKTests.xctest */;
			productType = "com.apple.product-type.bundle.unit-test";
		};
/* End PBXNativeTarget section */

/* Begin PBXProject section */
		F8210F071D2A7A0200399B4A /* Project object */ = {
			isa = PBXProject;
			attributes = {
				LastUpgradeCheck = 0800;
				ORGANIZATIONNAME = InterDigital;
				TargetAttributes = {
					F8210F0F1D2A7A0200399B4A = {
						CreatedOnToolsVersion = 7.3;
						LastSwiftMigration = 0800;
					};
					F8210F191D2A7A0200399B4A = {
						CreatedOnToolsVersion = 7.3;
					};
					F8FD0F5A1D5B76BC0079640C = {
						CreatedOnToolsVersion = 7.3;
					};
				};
			};
			buildConfigurationList = F8210F0A1D2A7A0200399B4A /* Build configuration list for PBXProject "FlorenceSDK" */;
			compatibilityVersion = "Xcode 3.2";
			developmentRegion = English;
			hasScannedForEncodings = 0;
			knownRegions = (
				en,
			);
			mainGroup = F8210F061D2A7A0200399B4A;
			productRefGroup = F8210F111D2A7A0200399B4A /* Products */;
			projectDirPath = "";
			projectRoot = "";
			targets = (
				F8210F0F1D2A7A0200399B4A /* FlorenceSDK */,
				F8210F191D2A7A0200399B4A /* FlorenceSDKTests */,
				F8FD0F5A1D5B76BC0079640C /* FlorenceFatSDK */,
			);
		};
/* End PBXProject section */

/* Begin PBXResourcesBuildPhase section */
		F8210F0E1D2A7A0200399B4A /* Resources */ = {
			isa = PBXResourcesBuildPhase;
			buildActionMask = 2147483647;
			files = (
			);
			runOnlyForDeploymentPostprocessing = 0;
		};
		F8210F181D2A7A0200399B4A /* Resources */ = {
			isa = PBXResourcesBuildPhase;
			buildActionMask = 2147483647;
			files = (
			);
			runOnlyForDeploymentPostprocessing = 0;
		};
/* End PBXResourcesBuildPhase section */

/* Begin PBXShellScriptBuildPhase section */
		F8FD0F601D5B770E0079640C /* ShellScript */ = {
			isa = PBXShellScriptBuildPhase;
			buildActionMask = 2147483647;
			files = (
			);
			inputPaths = (
			);
			outputPaths = (
			);
			runOnlyForDeploymentPostprocessing = 0;
			shellPath = /bin/sh;
			shellScript = "set -e\n\nunset TOOLCHAINS\n\nUNIVERSAL_OUTPUTFOLDER=${HOME}/Desktop/Framework\n\n# make sure the output directory exists\nmkdir -p \"${UNIVERSAL_OUTPUTFOLDER}\"\n\n# Step 1. Build Device and Simulator versions\nxcodebuild -target \"${PROJECT_NAME}\" ONLY_ACTIVE_ARCH=NO -configuration ${CONFIGURATION} -sdk iphoneos  BUILD_DIR=\"${BUILD_DIR}\" BUILD_ROOT=\"${BUILD_ROOT}\" clean build\nxcodebuild -target \"${PROJECT_NAME}\" -configuration ${CONFIGURATION} -sdk iphonesimulator ONLY_ACTIVE_ARCH=NO BUILD_DIR=\"${BUILD_DIR}\" BUILD_ROOT=\"${BUILD_ROOT}\" clean build\n\n# Step 2. Copy the framework structure (from iphoneos build) to the universal folder\ncp -R \"${BUILD_DIR}/${CONFIGURATION}-iphoneos/${PROJECT_NAME}.framework\" \"${UNIVERSAL_OUTPUTFOLDER}/\"\n\n# Step 3. Create universal binary file using lipo and place the combined executable in the copied framework directory\nlipo -create -output \"${UNIVERSAL_OUTPUTFOLDER}/${PROJECT_NAME}.framework/${PROJECT_NAME}\" \"${BUILD_DIR}/${CONFIGURATION}-iphonesimulator/${PROJECT_NAME}.framework/${PROJECT_NAME}\" \"${BUILD_DIR}/${CONFIGURATION}-iphoneos/${PROJECT_NAME}.framework/${PROJECT_NAME}\"\n\n# Step 4. Convenience step to copy the framework to the project's directory\ncp -R \"${UNIVERSAL_OUTPUTFOLDER}/${PROJECT_NAME}.framework\" \"${PROJECT_DIR}\"\n";
		};
/* End PBXShellScriptBuildPhase section */

/* Begin PBXSourcesBuildPhase section */
		F8210F0B1D2A7A0200399B4A /* Sources */ = {
			isa = PBXSourcesBuildPhase;
			buildActionMask = 2147483647;
			files = (
				F8548EFD1D47B83500570EE3 /* OTGroup.m in Sources */,
				F8CA28111D2E4376003A3FDB /* OTObjectBase.m in Sources */,
				F887CABD1D2BB1F000076A22 /* OTCommonServicesEntity.m in Sources */,
				F887CAB81D2BA75A00076A22 /* OTContainer.m in Sources */,
				F8920C881D4A4DC700B1B47B /* OTSetOfAccessControlRules.m in Sources */,
				F840906D1D3FBEB500344C06 /* OTObjectAnnounceableResource.m in Sources */,
				F8615D481D50C4C600BA4A2B /* OTLocationRegionCircular.m in Sources */,
				F8F59FE71D2C0C7700E93A4D /* OTContentInstance.m in Sources */,
				F887CAAE1D2BA3FE00076A22 /* OTApplicationEntity.m in Sources */,
				F887CAB31D2BA69700076A22 /* OTUrlRequestMap.m in Sources */,
				F8920C941D4A4F5400B1B47B /* OTAccessControlIpAddress.m in Sources */,
				F8F59FDE1D2BF30E00E93A4D /* OTSessionTask.m in Sources */,
				F8920C831D4A40EE00B1B47B /* OTAccessControlPolicy.m in Sources */,
				F8920C8C1D4A4DF900B1B47B /* OTAccessControlRule.m in Sources */,
				F8920C771D4A0DAD00B1B47B /* NSObject+Extras.m in Sources */,
				F8920C901D4A4F1900B1B47B /* OTAccessControlContext.m in Sources */,
				F8920C981D4A519700B1B47B /* OTLocationRegion.m in Sources */,
			);
			runOnlyForDeploymentPostprocessing = 0;
		};
		F8210F161D2A7A0200399B4A /* Sources */ = {
			isa = PBXSourcesBuildPhase;
			buildActionMask = 2147483647;
			files = (
				F8920C9D1D4A53C400B1B47B /* AcpTests.m in Sources */,
				F887CACC1D2BCC0A00076A22 /* BaseTest.m in Sources */,
				F887CAD01D2BCEAE00076A22 /* ServiceMapTests.m in Sources */,
				F8F59FE91D2C151400E93A4D /* ContentInstanceTests.m in Sources */,
				F8920C9B1D4A53B600B1B47B /* GroupTests.m in Sources */,
				F887CAC81D2BCA1A00076A22 /* CommonServicesEntityTests.m in Sources */,
				F887CACA1D2BCBE900076A22 /* ApplicationEntityTests.m in Sources */,
				F8CA28131D2E82E1003A3FDB /* ObjectBaseTests.m in Sources */,
				F887CACE1D2BCD8E00076A22 /* ContainerTests.m in Sources */,
				F8E99C541D2FB68500825DAE /* SessionTaskTests.m in Sources */,
			);
			runOnlyForDeploymentPostprocessing = 0;
		};
/* End PBXSourcesBuildPhase section */

/* Begin PBXTargetDependency section */
		F8210F1D1D2A7A0200399B4A /* PBXTargetDependency */ = {
			isa = PBXTargetDependency;
			target = F8210F0F1D2A7A0200399B4A /* FlorenceSDK */;
			targetProxy = F8210F1C1D2A7A0200399B4A /* PBXContainerItemProxy */;
		};
/* End PBXTargetDependency section */

/* Begin XCBuildConfiguration section */
		F8210F221D2A7A0200399B4A /* Debug */ = {
			isa = XCBuildConfiguration;
			buildSettings = {
				ALWAYS_SEARCH_USER_PATHS = NO;
				CLANG_ANALYZER_NONNULL = YES;
				CLANG_CXX_LANGUAGE_STANDARD = "gnu++0x";
				CLANG_CXX_LIBRARY = "libc++";
				CLANG_ENABLE_MODULES = YES;
				CLANG_ENABLE_OBJC_ARC = YES;
				CLANG_WARN_BOOL_CONVERSION = YES;
				CLANG_WARN_CONSTANT_CONVERSION = YES;
				CLANG_WARN_DIRECT_OBJC_ISA_USAGE = YES_ERROR;
				CLANG_WARN_EMPTY_BODY = YES;
				CLANG_WARN_ENUM_CONVERSION = YES;
				CLANG_WARN_INFINITE_RECURSION = YES;
				CLANG_WARN_INT_CONVERSION = YES;
				CLANG_WARN_OBJC_ROOT_CLASS = YES_ERROR;
				CLANG_WARN_SUSPICIOUS_MOVE = YES;
				CLANG_WARN_UNREACHABLE_CODE = YES;
				CLANG_WARN__DUPLICATE_METHOD_MATCH = YES;
				"CODE_SIGN_IDENTITY[sdk=iphoneos*]" = "iPhone Developer";
				COPY_PHASE_STRIP = NO;
				CURRENT_PROJECT_VERSION = 1;
				DEBUG_INFORMATION_FORMAT = dwarf;
				ENABLE_STRICT_OBJC_MSGSEND = YES;
				ENABLE_TESTABILITY = YES;
				GCC_C_LANGUAGE_STANDARD = gnu99;
				GCC_DYNAMIC_NO_PIC = NO;
				GCC_NO_COMMON_BLOCKS = YES;
				GCC_OPTIMIZATION_LEVEL = 0;
				GCC_PREPROCESSOR_DEFINITIONS = "";
				GCC_WARN_64_TO_32_BIT_CONVERSION = YES;
				GCC_WARN_ABOUT_RETURN_TYPE = YES_ERROR;
				GCC_WARN_UNDECLARED_SELECTOR = YES;
				GCC_WARN_UNINITIALIZED_AUTOS = YES_AGGRESSIVE;
				GCC_WARN_UNUSED_FUNCTION = YES;
				GCC_WARN_UNUSED_VARIABLE = YES;
				IPHONEOS_DEPLOYMENT_TARGET = 9.3;
				MTL_ENABLE_DEBUG_INFO = YES;
				ONLY_ACTIVE_ARCH = YES;
				OTHER_CFLAGS = "-fembed-bitcode";
				SDKROOT = iphoneos;
				TARGETED_DEVICE_FAMILY = "1,2";
				VERSIONING_SYSTEM = "apple-generic";
				VERSION_INFO_PREFIX = "";
			};
			name = Debug;
		};
		F8210F231D2A7A0200399B4A /* Release */ = {
			isa = XCBuildConfiguration;
			buildSettings = {
				ALWAYS_SEARCH_USER_PATHS = NO;
				CLANG_ANALYZER_NONNULL = YES;
				CLANG_CXX_LANGUAGE_STANDARD = "gnu++0x";
				CLANG_CXX_LIBRARY = "libc++";
				CLANG_ENABLE_MODULES = YES;
				CLANG_ENABLE_OBJC_ARC = YES;
				CLANG_WARN_BOOL_CONVERSION = YES;
				CLANG_WARN_CONSTANT_CONVERSION = YES;
				CLANG_WARN_DIRECT_OBJC_ISA_USAGE = YES_ERROR;
				CLANG_WARN_EMPTY_BODY = YES;
				CLANG_WARN_ENUM_CONVERSION = YES;
				CLANG_WARN_INFINITE_RECURSION = YES;
				CLANG_WARN_INT_CONVERSION = YES;
				CLANG_WARN_OBJC_ROOT_CLASS = YES_ERROR;
				CLANG_WARN_SUSPICIOUS_MOVE = YES;
				CLANG_WARN_UNREACHABLE_CODE = YES;
				CLANG_WARN__DUPLICATE_METHOD_MATCH = YES;
				"CODE_SIGN_IDENTITY[sdk=iphoneos*]" = "iPhone Developer";
				COPY_PHASE_STRIP = NO;
				CURRENT_PROJECT_VERSION = 1;
				DEBUG_INFORMATION_FORMAT = "dwarf-with-dsym";
				ENABLE_NS_ASSERTIONS = NO;
				ENABLE_STRICT_OBJC_MSGSEND = YES;
				GCC_C_LANGUAGE_STANDARD = gnu99;
				GCC_NO_COMMON_BLOCKS = YES;
				GCC_WARN_64_TO_32_BIT_CONVERSION = YES;
				GCC_WARN_ABOUT_RETURN_TYPE = YES_ERROR;
				GCC_WARN_UNDECLARED_SELECTOR = YES;
				GCC_WARN_UNINITIALIZED_AUTOS = YES_AGGRESSIVE;
				GCC_WARN_UNUSED_FUNCTION = YES;
				GCC_WARN_UNUSED_VARIABLE = YES;
				IPHONEOS_DEPLOYMENT_TARGET = 9.3;
				MTL_ENABLE_DEBUG_INFO = NO;
				OTHER_CFLAGS = "-fembed-bitcode";
				SDKROOT = iphoneos;
				TARGETED_DEVICE_FAMILY = "1,2";
				VALIDATE_PRODUCT = YES;
				VERSIONING_SYSTEM = "apple-generic";
				VERSION_INFO_PREFIX = "";
			};
			name = Release;
		};
		F8210F251D2A7A0200399B4A /* Debug */ = {
			isa = XCBuildConfiguration;
			buildSettings = {
				"CODE_SIGN_IDENTITY[sdk=iphoneos*]" = "";
				DEAD_CODE_STRIPPING = NO;
				DEFINES_MODULE = YES;
				DYLIB_COMPATIBILITY_VERSION = 1;
				DYLIB_CURRENT_VERSION = 1;
				DYLIB_INSTALL_NAME_BASE = "@rpath";
				GCC_PREFIX_HEADER = "$(SRCROOT)/$(PROJECT_NAME)/FlorenceSDK-Prefix.pch";
				GCC_PREPROCESSOR_DEFINITIONS = (
					"DEBUG=1",
					"$(inherited)",
				);
				INFOPLIST_FILE = FlorenceSDK/Info.plist;
				INSTALL_PATH = "$(LOCAL_LIBRARY_DIR)/Frameworks";
				LD_RUNPATH_SEARCH_PATHS = "$(inherited) @executable_path/Frameworks @loader_path/Frameworks";
				PRODUCT_BUNDLE_IDENTIFIER = com.PowerSlave.FlorenceSDK;
				PRODUCT_NAME = "$(TARGET_NAME)";
				SKIP_INSTALL = YES;
				STRIP_STYLE = "non-global";
				SWIFT_VERSION = 3.0;
			};
			name = Debug;
		};
		F8210F261D2A7A0200399B4A /* Release */ = {
			isa = XCBuildConfiguration;
			buildSettings = {
				"CODE_SIGN_IDENTITY[sdk=iphoneos*]" = "";
				DEAD_CODE_STRIPPING = NO;
				DEFINES_MODULE = YES;
				DYLIB_COMPATIBILITY_VERSION = 1;
				DYLIB_CURRENT_VERSION = 1;
				DYLIB_INSTALL_NAME_BASE = "@rpath";
				GCC_PREFIX_HEADER = "$(SRCROOT)/$(PROJECT_NAME)/FlorenceSDK-Prefix.pch";
				INFOPLIST_FILE = FlorenceSDK/Info.plist;
				INSTALL_PATH = "$(LOCAL_LIBRARY_DIR)/Frameworks";
				LD_RUNPATH_SEARCH_PATHS = "$(inherited) @executable_path/Frameworks @loader_path/Frameworks";
				PRODUCT_BUNDLE_IDENTIFIER = com.PowerSlave.FlorenceSDK;
				PRODUCT_NAME = "$(TARGET_NAME)";
				SKIP_INSTALL = YES;
				STRIP_STYLE = "non-global";
				SWIFT_VERSION = 3.0;
			};
			name = Release;
		};
		F8210F281D2A7A0200399B4A /* Debug */ = {
			isa = XCBuildConfiguration;
			buildSettings = {
				INFOPLIST_FILE = FlorenceSDKTests/Info.plist;
				LD_RUNPATH_SEARCH_PATHS = "$(inherited) @executable_path/Frameworks @loader_path/Frameworks";
				PRODUCT_BUNDLE_IDENTIFIER = com.PowerSlave.FlorenceSDKTests;
				PRODUCT_NAME = "$(TARGET_NAME)";
			};
			name = Debug;
		};
		F8210F291D2A7A0200399B4A /* Release */ = {
			isa = XCBuildConfiguration;
			buildSettings = {
				INFOPLIST_FILE = FlorenceSDKTests/Info.plist;
				LD_RUNPATH_SEARCH_PATHS = "$(inherited) @executable_path/Frameworks @loader_path/Frameworks";
				PRODUCT_BUNDLE_IDENTIFIER = com.PowerSlave.FlorenceSDKTests;
				PRODUCT_NAME = "$(TARGET_NAME)";
			};
			name = Release;
		};
		F8FD0F5C1D5B76BC0079640C /* Debug */ = {
			isa = XCBuildConfiguration;
			buildSettings = {
				GCC_PREPROCESSOR_DEFINITIONS = "";
				ONLY_ACTIVE_ARCH = NO;
				OTHER_CFLAGS = "-fembed-bitcode";
				PRODUCT_NAME = "$(TARGET_NAME)";
			};
			name = Debug;
		};
		F8FD0F5D1D5B76BC0079640C /* Release */ = {
			isa = XCBuildConfiguration;
			buildSettings = {
				OTHER_CFLAGS = "-fembed-bitcode";
				PRODUCT_NAME = "$(TARGET_NAME)";
			};
			name = Release;
		};
/* End XCBuildConfiguration section */

/* Begin XCConfigurationList section */
		F8210F0A1D2A7A0200399B4A /* Build configuration list for PBXProject "FlorenceSDK" */ = {
			isa = XCConfigurationList;
			buildConfigurations = (
				F8210F221D2A7A0200399B4A /* Debug */,
				F8210F231D2A7A0200399B4A /* Release */,
			);
			defaultConfigurationIsVisible = 0;
			defaultConfigurationName = Release;
		};
		F8210F241D2A7A0200399B4A /* Build configuration list for PBXNativeTarget "FlorenceSDK" */ = {
			isa = XCConfigurationList;
			buildConfigurations = (
				F8210F251D2A7A0200399B4A /* Debug */,
				F8210F261D2A7A0200399B4A /* Release */,
			);
			defaultConfigurationIsVisible = 0;
			defaultConfigurationName = Release;
		};
		F8210F271D2A7A0200399B4A /* Build configuration list for PBXNativeTarget "FlorenceSDKTests" */ = {
			isa = XCConfigurationList;
			buildConfigurations = (
				F8210F281D2A7A0200399B4A /* Debug */,
				F8210F291D2A7A0200399B4A /* Release */,
			);
			defaultConfigurationIsVisible = 0;
			defaultConfigurationName = Release;
		};
		F8FD0F5B1D5B76BC0079640C /* Build configuration list for PBXAggregateTarget "FlorenceFatSDK" */ = {
			isa = XCConfigurationList;
			buildConfigurations = (
				F8FD0F5C1D5B76BC0079640C /* Debug */,
				F8FD0F5D1D5B76BC0079640C /* Release */,
			);
			defaultConfigurationIsVisible = 0;
			defaultConfigurationName = Release;
		};
/* End XCConfigurationList section */
	};
	rootObject = F8210F071D2A7A0200399B4A /* Project object */;
}
