// !$*UTF8*$!
{
	archiveVersion = 1;
	classes = {
	};
	objectVersion = 46;
	objects = {

/* Begin PBXBuildFile section */
		F8082C6B1D61A6F500C0586E /* MapView.swift in Sources */ = {isa = PBXBuildFile; fileRef = F8082C6A1D61A6F500C0586E /* MapView.swift */; };
		F8082C6F1D61AA5000C0586E /* AnnotationView.swift in Sources */ = {isa = PBXBuildFile; fileRef = F8082C6E1D61AA5000C0586E /* AnnotationView.swift */; };
		F8082C711D61AB7500C0586E /* PointAnnotation.swift in Sources */ = {isa = PBXBuildFile; fileRef = F8082C701D61AB7500C0586E /* PointAnnotation.swift */; };
		F8082C731D61B9AE00C0586E /* ClusterManager.swift in Sources */ = {isa = PBXBuildFile; fileRef = F8082C721D61B9AE00C0586E /* ClusterManager.swift */; };
		F8082C751D61D5A400C0586E /* ClusterAnnotation.swift in Sources */ = {isa = PBXBuildFile; fileRef = F8082C741D61D5A400C0586E /* ClusterAnnotation.swift */; };
		F8082C771D61E0EB00C0586E /* MapDataSource.swift in Sources */ = {isa = PBXBuildFile; fileRef = F8082C761D61E0EB00C0586E /* MapDataSource.swift */; };
		F809780C1D671CEE006AA7EE /* DetailViewController.swift in Sources */ = {isa = PBXBuildFile; fileRef = F809780B1D671CEE006AA7EE /* DetailViewController.swift */; };
		F85C4A4E1D8FCF8800D659D0 /* BitCarrierTsvViewController.swift in Sources */ = {isa = PBXBuildFile; fileRef = F85C4A4D1D8FCF8800D659D0 /* BitCarrierTsvViewController.swift */; };
		F85C4A531D8FF01000D659D0 /* ClearViewReportView.swift in Sources */ = {isa = PBXBuildFile; fileRef = F85C4A521D8FF01000D659D0 /* ClearViewReportView.swift */; };
		F86AAA181D99370000D6F330 /* ExampleViewController.swift in Sources */ = {isa = PBXBuildFile; fileRef = F86AAA171D99370000D6F330 /* ExampleViewController.swift */; };
		F894B12F1D8290D7003F8F6E /* bit_carrier_silverstone_config_vector.tsv in Resources */ = {isa = PBXBuildFile; fileRef = F894B12E1D8290D7003F8F6E /* bit_carrier_silverstone_config_vector.tsv */; };
		F894B13B1D82D2FF003F8F6E /* FavouritesDetailViewController.swift in Sources */ = {isa = PBXBuildFile; fileRef = F894B13A1D82D2FF003F8F6E /* FavouritesDetailViewController.swift */; };
		F894B1401D868F11003F8F6E /* clearview_silverstone_device.tsv in Resources */ = {isa = PBXBuildFile; fileRef = F894B13F1D868F11003F8F6E /* clearview_silverstone_device.tsv */; };
		F894B1421D868F18003F8F6E /* clearview_silverstone_traffic.tsv in Resources */ = {isa = PBXBuildFile; fileRef = F894B1411D868F18003F8F6E /* clearview_silverstone_traffic.tsv */; };
		F894B1451D8694FF003F8F6E /* FavouritesHistoryDetailTableViewCell.swift in Sources */ = {isa = PBXBuildFile; fileRef = F894B1431D8694FF003F8F6E /* FavouritesHistoryDetailTableViewCell.swift */; };
		F894B1461D8694FF003F8F6E /* FavouritesHistoryDetailTableViewCell.xib in Resources */ = {isa = PBXBuildFile; fileRef = F894B1441D8694FF003F8F6E /* FavouritesHistoryDetailTableViewCell.xib */; };
		F8953A8C1DB89D290069C117 /* oneTRANSPORT.framework in Embed Frameworks */ = {isa = PBXBuildFile; fileRef = F84B9F3D1DB7C993000975FD /* oneTRANSPORT.framework */; settings = {ATTRIBUTES = (CodeSignOnCopy, RemoveHeadersOnCopy, ); }; };
		F8B6749D1D8963780004CDB5 /* CoreData.framework in Frameworks */ = {isa = PBXBuildFile; fileRef = F8B6749C1D8963780004CDB5 /* CoreData.framework */; };
		F8B6EDDF1D5DB3A50047C7A3 /* AppDelegate.swift in Sources */ = {isa = PBXBuildFile; fileRef = F8B6EDDE1D5DB3A50047C7A3 /* AppDelegate.swift */; };
		F8B6EDE11D5DB3A50047C7A3 /* MapViewController.swift in Sources */ = {isa = PBXBuildFile; fileRef = F8B6EDE01D5DB3A50047C7A3 /* MapViewController.swift */; };
		F8B6EDE41D5DB3A50047C7A3 /* Main.storyboard in Resources */ = {isa = PBXBuildFile; fileRef = F8B6EDE21D5DB3A50047C7A3 /* Main.storyboard */; };
		F8B6EDE61D5DB3A50047C7A3 /* Assets.xcassets in Resources */ = {isa = PBXBuildFile; fileRef = F8B6EDE51D5DB3A50047C7A3 /* Assets.xcassets */; };
		F8B6EDE91D5DB3A50047C7A3 /* LaunchScreen.storyboard in Resources */ = {isa = PBXBuildFile; fileRef = F8B6EDE71D5DB3A50047C7A3 /* LaunchScreen.storyboard */; };
		F8B6EE0A1D5DB5420047C7A3 /* MapKit.framework in Frameworks */ = {isa = PBXBuildFile; fileRef = F8B6EE091D5DB5420047C7A3 /* MapKit.framework */; };
		F8B6EE0C1D5DB6B20047C7A3 /* FilterViewController.swift in Sources */ = {isa = PBXBuildFile; fileRef = F8B6EE0B1D5DB6B20047C7A3 /* FilterViewController.swift */; };
		F8B6EE0E1D5DB70E0047C7A3 /* FilterTableViewCell.swift in Sources */ = {isa = PBXBuildFile; fileRef = F8B6EE0D1D5DB70E0047C7A3 /* FilterTableViewCell.swift */; };
		F8B6EE101D5DBCF70047C7A3 /* CellRequest.swift in Sources */ = {isa = PBXBuildFile; fileRef = F8B6EE0F1D5DB7CA0047C7A3 /* CellRequest.swift */; };
		F8B6EE121D5DBE250047C7A3 /* FilterTableViewCell.xib in Resources */ = {isa = PBXBuildFile; fileRef = F8B6EE111D5DBE250047C7A3 /* FilterTableViewCell.xib */; };
		F8B6EE151D5DBF910047C7A3 /* LocationManager.swift in Sources */ = {isa = PBXBuildFile; fileRef = F8B6EE141D5DBF910047C7A3 /* LocationManager.swift */; };
		F8B6EE171D5DC1170047C7A3 /* ActivityView.swift in Sources */ = {isa = PBXBuildFile; fileRef = F8B6EE161D5DC1170047C7A3 /* ActivityView.swift */; };
		F8B6EE1B1D5DE3280047C7A3 /* BaseViewController.swift in Sources */ = {isa = PBXBuildFile; fileRef = F8B6EE1A1D5DE3280047C7A3 /* BaseViewController.swift */; };
		F8B6EE1F1D5DE6380047C7A3 /* InfoViewController.swift in Sources */ = {isa = PBXBuildFile; fileRef = F8B6EE1E1D5DE6380047C7A3 /* InfoViewController.swift */; };
		F8B6EE211D5DE6480047C7A3 /* MainViewController.swift in Sources */ = {isa = PBXBuildFile; fileRef = F8B6EE201D5DE6480047C7A3 /* MainViewController.swift */; };
		F8C7B57A1D7F1724009F9C8C /* BitCarrierViewController.swift in Sources */ = {isa = PBXBuildFile; fileRef = F8C7B5791D7F1724009F9C8C /* BitCarrierViewController.swift */; };
		F8C7B5821D8049BA009F9C8C /* PolyLineAnnotation.swift in Sources */ = {isa = PBXBuildFile; fileRef = F8C7B5811D8049BA009F9C8C /* PolyLineAnnotation.swift */; };
		F8C7B5891D804F1A009F9C8C /* bit_carrier_silverstone_node.tsv in Resources */ = {isa = PBXBuildFile; fileRef = F8C7B5851D804F1A009F9C8C /* bit_carrier_silverstone_node.tsv */; };
		F8C7B58A1D804F1A009F9C8C /* bit_carrier_silverstone_sketch.tsv in Resources */ = {isa = PBXBuildFile; fileRef = F8C7B5861D804F1A009F9C8C /* bit_carrier_silverstone_sketch.tsv */; };
		F8C7B58B1D804F1A009F9C8C /* bit_carrier_silverstone_travel_summary.tsv in Resources */ = {isa = PBXBuildFile; fileRef = F8C7B5871D804F1A009F9C8C /* bit_carrier_silverstone_travel_summary.tsv */; };
		F8C7B58C1D804F1A009F9C8C /* bit_carrier_silverstone_data_vector.tsv in Resources */ = {isa = PBXBuildFile; fileRef = F8C7B5881D804F1A009F9C8C /* bit_carrier_silverstone_data_vector.tsv */; };
		F8C7B5901D814D3D009F9C8C /* BitCarrierVectorHistoryView.swift in Sources */ = {isa = PBXBuildFile; fileRef = F8C7B58F1D814D3D009F9C8C /* BitCarrierVectorHistoryView.swift */; };
		F8C7B5941D815640009F9C8C /* FavouritesHistoryTableViewCell.swift in Sources */ = {isa = PBXBuildFile; fileRef = F8C7B5921D815640009F9C8C /* FavouritesHistoryTableViewCell.swift */; };
		F8C7B5951D815640009F9C8C /* FavouritesHistoryTableViewCell.xib in Resources */ = {isa = PBXBuildFile; fileRef = F8C7B5931D815640009F9C8C /* FavouritesHistoryTableViewCell.xib */; };
		F8C7B5971D816BD6009F9C8C /* MapImageView.swift in Sources */ = {isa = PBXBuildFile; fileRef = F8C7B5961D816BD6009F9C8C /* MapImageView.swift */; };
		F8CD8F9F1D75CC050094F41E /* TickerTapeViewController.swift in Sources */ = {isa = PBXBuildFile; fileRef = F8CD8F9E1D75CC050094F41E /* TickerTapeViewController.swift */; };
		F8CD8FA71D76D98F0094F41E /* FavouritesViewController.swift in Sources */ = {isa = PBXBuildFile; fileRef = F8CD8FA61D76D98F0094F41E /* FavouritesViewController.swift */; };
		F8CD8FA91D76DBC90094F41E /* FavouritesTableViewCell.swift in Sources */ = {isa = PBXBuildFile; fileRef = F8CD8FA81D76DBC90094F41E /* FavouritesTableViewCell.swift */; };
		F8CD8FAB1D76DF710094F41E /* FavouritesTableViewCell.xib in Resources */ = {isa = PBXBuildFile; fileRef = F8CD8FAA1D76DF710094F41E /* FavouritesTableViewCell.xib */; };
		F8FB6BA21D927FB4007BDB89 /* BitCarrierReportViewController.swift in Sources */ = {isa = PBXBuildFile; fileRef = F8FB6BA11D927FB4007BDB89 /* BitCarrierReportViewController.swift */; };
/* End PBXBuildFile section */

/* Begin PBXContainerItemProxy section */
		F84B9F3C1DB7C993000975FD /* PBXContainerItemProxy */ = {
			isa = PBXContainerItemProxy;
			containerPortal = F84B9F351DB7C993000975FD /* oneTRANSPORT.xcodeproj */;
			proxyType = 2;
			remoteGlobalIDString = F84B9F1B1DB7C986000975FD;
			remoteInfo = oneTRANSPORT;
		};
		F84B9F3E1DB7C993000975FD /* PBXContainerItemProxy */ = {
			isa = PBXContainerItemProxy;
			containerPortal = F84B9F351DB7C993000975FD /* oneTRANSPORT.xcodeproj */;
			proxyType = 2;
			remoteGlobalIDString = F84B9F241DB7C986000975FD;
			remoteInfo = oneTRANSPORTTests;
		};
		F8EC9FEC1DB9F26800D2E509 /* PBXContainerItemProxy */ = {
			isa = PBXContainerItemProxy;
			containerPortal = F8EC9FE61DB9F26800D2E509 /* FlorenceSDK.xcodeproj */;
			proxyType = 2;
			remoteGlobalIDString = F8210F101D2A7A0200399B4A;
			remoteInfo = FlorenceSDK;
		};
		F8EC9FEE1DB9F26800D2E509 /* PBXContainerItemProxy */ = {
			isa = PBXContainerItemProxy;
			containerPortal = F8EC9FE61DB9F26800D2E509 /* FlorenceSDK.xcodeproj */;
			proxyType = 2;
			remoteGlobalIDString = F8210F1A1D2A7A0200399B4A;
			remoteInfo = FlorenceSDKTests;
		};
/* End PBXContainerItemProxy section */

/* Begin PBXCopyFilesBuildPhase section */
		F8B6EE081D5DB45E0047C7A3 /* Embed Frameworks */ = {
			isa = PBXCopyFilesBuildPhase;
			buildActionMask = 2147483647;
			dstPath = "";
			dstSubfolderSpec = 10;
			files = (
				F8953A8C1DB89D290069C117 /* oneTRANSPORT.framework in Embed Frameworks */,
			);
			name = "Embed Frameworks";
			runOnlyForDeploymentPostprocessing = 0;
		};
/* End PBXCopyFilesBuildPhase section */

/* Begin PBXFileReference section */
		F8082C6A1D61A6F500C0586E /* MapView.swift */ = {isa = PBXFileReference; fileEncoding = 4; lastKnownFileType = sourcecode.swift; path = MapView.swift; sourceTree = "<group>"; };
		F8082C6E1D61AA5000C0586E /* AnnotationView.swift */ = {isa = PBXFileReference; fileEncoding = 4; lastKnownFileType = sourcecode.swift; path = AnnotationView.swift; sourceTree = "<group>"; };
		F8082C701D61AB7500C0586E /* PointAnnotation.swift */ = {isa = PBXFileReference; fileEncoding = 4; lastKnownFileType = sourcecode.swift; path = PointAnnotation.swift; sourceTree = "<group>"; };
		F8082C721D61B9AE00C0586E /* ClusterManager.swift */ = {isa = PBXFileReference; fileEncoding = 4; lastKnownFileType = sourcecode.swift; path = ClusterManager.swift; sourceTree = "<group>"; };
		F8082C741D61D5A400C0586E /* ClusterAnnotation.swift */ = {isa = PBXFileReference; fileEncoding = 4; lastKnownFileType = sourcecode.swift; path = ClusterAnnotation.swift; sourceTree = "<group>"; };
		F8082C761D61E0EB00C0586E /* MapDataSource.swift */ = {isa = PBXFileReference; fileEncoding = 4; lastKnownFileType = sourcecode.swift; path = MapDataSource.swift; sourceTree = "<group>"; };
		F809780B1D671CEE006AA7EE /* DetailViewController.swift */ = {isa = PBXFileReference; fileEncoding = 4; lastKnownFileType = sourcecode.swift; path = DetailViewController.swift; sourceTree = "<group>"; };
		F84B9F351DB7C993000975FD /* oneTRANSPORT.xcodeproj */ = {isa = PBXFileReference; lastKnownFileType = "wrapper.pb-project"; name = oneTRANSPORT.xcodeproj; path = ../oneTRANSPORT/oneTRANSPORT.xcodeproj; sourceTree = "<group>"; };
		F85C4A4D1D8FCF8800D659D0 /* BitCarrierTsvViewController.swift */ = {isa = PBXFileReference; fileEncoding = 4; lastKnownFileType = sourcecode.swift; path = BitCarrierTsvViewController.swift; sourceTree = "<group>"; };
		F85C4A521D8FF01000D659D0 /* ClearViewReportView.swift */ = {isa = PBXFileReference; fileEncoding = 4; lastKnownFileType = sourcecode.swift; path = ClearViewReportView.swift; sourceTree = "<group>"; };
		F86AAA171D99370000D6F330 /* ExampleViewController.swift */ = {isa = PBXFileReference; fileEncoding = 4; lastKnownFileType = sourcecode.swift; path = ExampleViewController.swift; sourceTree = "<group>"; };
		F894B12E1D8290D7003F8F6E /* bit_carrier_silverstone_config_vector.tsv */ = {isa = PBXFileReference; fileEncoding = 4; lastKnownFileType = text; name = bit_carrier_silverstone_config_vector.tsv; path = SampleData/bit_carrier_silverstone_config_vector.tsv; sourceTree = SOURCE_ROOT; };
		F894B13A1D82D2FF003F8F6E /* FavouritesDetailViewController.swift */ = {isa = PBXFileReference; fileEncoding = 4; lastKnownFileType = sourcecode.swift; path = FavouritesDetailViewController.swift; sourceTree = "<group>"; };
		F894B13F1D868F11003F8F6E /* clearview_silverstone_device.tsv */ = {isa = PBXFileReference; fileEncoding = 4; lastKnownFileType = text; name = clearview_silverstone_device.tsv; path = SampleData/clearview_silverstone_device.tsv; sourceTree = SOURCE_ROOT; };
		F894B1411D868F18003F8F6E /* clearview_silverstone_traffic.tsv */ = {isa = PBXFileReference; fileEncoding = 4; lastKnownFileType = text; name = clearview_silverstone_traffic.tsv; path = SampleData/clearview_silverstone_traffic.tsv; sourceTree = SOURCE_ROOT; };
		F894B1431D8694FF003F8F6E /* FavouritesHistoryDetailTableViewCell.swift */ = {isa = PBXFileReference; fileEncoding = 4; lastKnownFileType = sourcecode.swift; path = FavouritesHistoryDetailTableViewCell.swift; sourceTree = "<group>"; };
		F894B1441D8694FF003F8F6E /* FavouritesHistoryDetailTableViewCell.xib */ = {isa = PBXFileReference; fileEncoding = 4; lastKnownFileType = file.xib; path = FavouritesHistoryDetailTableViewCell.xib; sourceTree = "<group>"; };
		F8B6749C1D8963780004CDB5 /* CoreData.framework */ = {isa = PBXFileReference; lastKnownFileType = wrapper.framework; name = CoreData.framework; path = System/Library/Frameworks/CoreData.framework; sourceTree = SDKROOT; };
		F8B6EDDB1D5DB3A50047C7A3 /* OTMap.app */ = {isa = PBXFileReference; explicitFileType = wrapper.application; includeInIndex = 0; path = OTMap.app; sourceTree = BUILT_PRODUCTS_DIR; };
		F8B6EDDE1D5DB3A50047C7A3 /* AppDelegate.swift */ = {isa = PBXFileReference; lastKnownFileType = sourcecode.swift; path = AppDelegate.swift; sourceTree = "<group>"; };
		F8B6EDE01D5DB3A50047C7A3 /* MapViewController.swift */ = {isa = PBXFileReference; lastKnownFileType = sourcecode.swift; path = MapViewController.swift; sourceTree = "<group>"; };
		F8B6EDE31D5DB3A50047C7A3 /* Base */ = {isa = PBXFileReference; lastKnownFileType = file.storyboard; name = Base; path = Base.lproj/Main.storyboard; sourceTree = "<group>"; };
		F8B6EDE51D5DB3A50047C7A3 /* Assets.xcassets */ = {isa = PBXFileReference; lastKnownFileType = folder.assetcatalog; path = Assets.xcassets; sourceTree = "<group>"; };
		F8B6EDE81D5DB3A50047C7A3 /* Base */ = {isa = PBXFileReference; lastKnownFileType = file.storyboard; name = Base; path = Base.lproj/LaunchScreen.storyboard; sourceTree = "<group>"; };
		F8B6EDEA1D5DB3A50047C7A3 /* Info.plist */ = {isa = PBXFileReference; lastKnownFileType = text.plist.xml; path = Info.plist; sourceTree = "<group>"; };
		F8B6EE091D5DB5420047C7A3 /* MapKit.framework */ = {isa = PBXFileReference; lastKnownFileType = wrapper.framework; name = MapKit.framework; path = System/Library/Frameworks/MapKit.framework; sourceTree = SDKROOT; };
		F8B6EE0B1D5DB6B20047C7A3 /* FilterViewController.swift */ = {isa = PBXFileReference; fileEncoding = 4; lastKnownFileType = sourcecode.swift; path = FilterViewController.swift; sourceTree = "<group>"; };
		F8B6EE0D1D5DB70E0047C7A3 /* FilterTableViewCell.swift */ = {isa = PBXFileReference; fileEncoding = 4; lastKnownFileType = sourcecode.swift; path = FilterTableViewCell.swift; sourceTree = "<group>"; };
		F8B6EE0F1D5DB7CA0047C7A3 /* CellRequest.swift */ = {isa = PBXFileReference; lastKnownFileType = sourcecode.swift; path = CellRequest.swift; sourceTree = "<group>"; };
		F8B6EE111D5DBE250047C7A3 /* FilterTableViewCell.xib */ = {isa = PBXFileReference; fileEncoding = 4; lastKnownFileType = file.xib; path = FilterTableViewCell.xib; sourceTree = "<group>"; };
		F8B6EE141D5DBF910047C7A3 /* LocationManager.swift */ = {isa = PBXFileReference; fileEncoding = 4; lastKnownFileType = sourcecode.swift; path = LocationManager.swift; sourceTree = "<group>"; };
		F8B6EE161D5DC1170047C7A3 /* ActivityView.swift */ = {isa = PBXFileReference; fileEncoding = 4; lastKnownFileType = sourcecode.swift; path = ActivityView.swift; sourceTree = "<group>"; };
		F8B6EE1A1D5DE3280047C7A3 /* BaseViewController.swift */ = {isa = PBXFileReference; fileEncoding = 4; lastKnownFileType = sourcecode.swift; path = BaseViewController.swift; sourceTree = "<group>"; };
		F8B6EE1E1D5DE6380047C7A3 /* InfoViewController.swift */ = {isa = PBXFileReference; fileEncoding = 4; lastKnownFileType = sourcecode.swift; path = InfoViewController.swift; sourceTree = "<group>"; };
		F8B6EE201D5DE6480047C7A3 /* MainViewController.swift */ = {isa = PBXFileReference; fileEncoding = 4; lastKnownFileType = sourcecode.swift; path = MainViewController.swift; sourceTree = "<group>"; };
		F8C7B5791D7F1724009F9C8C /* BitCarrierViewController.swift */ = {isa = PBXFileReference; fileEncoding = 4; lastKnownFileType = sourcecode.swift; path = BitCarrierViewController.swift; sourceTree = "<group>"; };
		F8C7B5811D8049BA009F9C8C /* PolyLineAnnotation.swift */ = {isa = PBXFileReference; fileEncoding = 4; lastKnownFileType = sourcecode.swift; path = PolyLineAnnotation.swift; sourceTree = "<group>"; };
		F8C7B5851D804F1A009F9C8C /* bit_carrier_silverstone_node.tsv */ = {isa = PBXFileReference; fileEncoding = 4; lastKnownFileType = text; name = bit_carrier_silverstone_node.tsv; path = SampleData/bit_carrier_silverstone_node.tsv; sourceTree = SOURCE_ROOT; };
		F8C7B5861D804F1A009F9C8C /* bit_carrier_silverstone_sketch.tsv */ = {isa = PBXFileReference; fileEncoding = 4; lastKnownFileType = text; name = bit_carrier_silverstone_sketch.tsv; path = SampleData/bit_carrier_silverstone_sketch.tsv; sourceTree = SOURCE_ROOT; };
		F8C7B5871D804F1A009F9C8C /* bit_carrier_silverstone_travel_summary.tsv */ = {isa = PBXFileReference; fileEncoding = 4; lastKnownFileType = text; name = bit_carrier_silverstone_travel_summary.tsv; path = SampleData/bit_carrier_silverstone_travel_summary.tsv; sourceTree = SOURCE_ROOT; };
		F8C7B5881D804F1A009F9C8C /* bit_carrier_silverstone_data_vector.tsv */ = {isa = PBXFileReference; fileEncoding = 4; lastKnownFileType = text; name = bit_carrier_silverstone_data_vector.tsv; path = SampleData/bit_carrier_silverstone_data_vector.tsv; sourceTree = SOURCE_ROOT; };
		F8C7B58F1D814D3D009F9C8C /* BitCarrierVectorHistoryView.swift */ = {isa = PBXFileReference; fileEncoding = 4; lastKnownFileType = sourcecode.swift; path = BitCarrierVectorHistoryView.swift; sourceTree = "<group>"; };
		F8C7B5921D815640009F9C8C /* FavouritesHistoryTableViewCell.swift */ = {isa = PBXFileReference; fileEncoding = 4; lastKnownFileType = sourcecode.swift; path = FavouritesHistoryTableViewCell.swift; sourceTree = "<group>"; };
		F8C7B5931D815640009F9C8C /* FavouritesHistoryTableViewCell.xib */ = {isa = PBXFileReference; fileEncoding = 4; lastKnownFileType = file.xib; path = FavouritesHistoryTableViewCell.xib; sourceTree = "<group>"; };
		F8C7B5961D816BD6009F9C8C /* MapImageView.swift */ = {isa = PBXFileReference; fileEncoding = 4; lastKnownFileType = sourcecode.swift; path = MapImageView.swift; sourceTree = "<group>"; };
		F8CD8F9E1D75CC050094F41E /* TickerTapeViewController.swift */ = {isa = PBXFileReference; fileEncoding = 4; lastKnownFileType = sourcecode.swift; path = TickerTapeViewController.swift; sourceTree = "<group>"; };
		F8CD8FA61D76D98F0094F41E /* FavouritesViewController.swift */ = {isa = PBXFileReference; fileEncoding = 4; lastKnownFileType = sourcecode.swift; path = FavouritesViewController.swift; sourceTree = "<group>"; };
		F8CD8FA81D76DBC90094F41E /* FavouritesTableViewCell.swift */ = {isa = PBXFileReference; fileEncoding = 4; lastKnownFileType = sourcecode.swift; path = FavouritesTableViewCell.swift; sourceTree = "<group>"; };
		F8CD8FAA1D76DF710094F41E /* FavouritesTableViewCell.xib */ = {isa = PBXFileReference; fileEncoding = 4; lastKnownFileType = file.xib; path = FavouritesTableViewCell.xib; sourceTree = "<group>"; };
		F8EC9FE61DB9F26800D2E509 /* FlorenceSDK.xcodeproj */ = {isa = PBXFileReference; lastKnownFileType = "wrapper.pb-project"; name = FlorenceSDK.xcodeproj; path = ../FlorenceSDK/FlorenceSDK.xcodeproj; sourceTree = "<group>"; };
		F8FB6BA11D927FB4007BDB89 /* BitCarrierReportViewController.swift */ = {isa = PBXFileReference; fileEncoding = 4; lastKnownFileType = sourcecode.swift; path = BitCarrierReportViewController.swift; sourceTree = "<group>"; };
/* End PBXFileReference section */

/* Begin PBXFrameworksBuildPhase section */
		F8B6EDD81D5DB3A50047C7A3 /* Frameworks */ = {
			isa = PBXFrameworksBuildPhase;
			buildActionMask = 2147483647;
			files = (
				F8B6749D1D8963780004CDB5 /* CoreData.framework in Frameworks */,
				F8B6EE0A1D5DB5420047C7A3 /* MapKit.framework in Frameworks */,
			);
			runOnlyForDeploymentPostprocessing = 0;
		};
/* End PBXFrameworksBuildPhase section */

/* Begin PBXGroup section */
		F8082C6D1D61AA1C00C0586E /* Map Objects */ = {
			isa = PBXGroup;
			children = (
				F8082C6A1D61A6F500C0586E /* MapView.swift */,
				F8082C761D61E0EB00C0586E /* MapDataSource.swift */,
				F8082C721D61B9AE00C0586E /* ClusterManager.swift */,
				F8082C701D61AB7500C0586E /* PointAnnotation.swift */,
				F8082C741D61D5A400C0586E /* ClusterAnnotation.swift */,
				F8082C6E1D61AA5000C0586E /* AnnotationView.swift */,
				F8C7B5811D8049BA009F9C8C /* PolyLineAnnotation.swift */,
			);
			name = "Map Objects";
			sourceTree = "<group>";
		};
		F80978091D671CD2006AA7EE /* Detail */ = {
			isa = PBXGroup;
			children = (
				F809780B1D671CEE006AA7EE /* DetailViewController.swift */,
			);
			name = Detail;
			sourceTree = "<group>";
		};
		F84B9F361DB7C993000975FD /* Products */ = {
			isa = PBXGroup;
			children = (
				F84B9F3D1DB7C993000975FD /* oneTRANSPORT.framework */,
				F84B9F3F1DB7C993000975FD /* oneTRANSPORTTests.xctest */,
			);
			name = Products;
			sourceTree = "<group>";
		};
		F86AAA131D9936D900D6F330 /* Example */ = {
			isa = PBXGroup;
			children = (
				F86AAA171D99370000D6F330 /* ExampleViewController.swift */,
			);
			name = Example;
			sourceTree = "<group>";
		};
		F8B6EDD21D5DB3A50047C7A3 = {
			isa = PBXGroup;
			children = (
				F8B6EDDD1D5DB3A50047C7A3 /* OTMap */,
				F8EC9FE61DB9F26800D2E509 /* FlorenceSDK.xcodeproj */,
				F84B9F351DB7C993000975FD /* oneTRANSPORT.xcodeproj */,
				F8B6EE091D5DB5420047C7A3 /* MapKit.framework */,
				F8B6749C1D8963780004CDB5 /* CoreData.framework */,
				F8B6EDDC1D5DB3A50047C7A3 /* Products */,
			);
			sourceTree = "<group>";
		};
		F8B6EDDC1D5DB3A50047C7A3 /* Products */ = {
			isa = PBXGroup;
			children = (
				F8B6EDDB1D5DB3A50047C7A3 /* OTMap.app */,
			);
			name = Products;
			sourceTree = "<group>";
		};
		F8B6EDDD1D5DB3A50047C7A3 /* OTMap */ = {
			isa = PBXGroup;
			children = (
				F8B6EDDE1D5DB3A50047C7A3 /* AppDelegate.swift */,
				F8B6EE1A1D5DE3280047C7A3 /* BaseViewController.swift */,
				F8B6EE201D5DE6480047C7A3 /* MainViewController.swift */,
				F8B6EE1C1D5DE60A0047C7A3 /* Map */,
				F8B6EE131D5DBF770047C7A3 /* Filter */,
				F8CD8FA41D76D9730094F41E /* Favourites */,
				F8C7B5781D7F1701009F9C8C /* BitCarrier and ClearView */,
				F8B6EE1D1D5DE6150047C7A3 /* Settings */,
				F86AAA131D9936D900D6F330 /* Example */,
				F8C7B5841D804F0B009F9C8C /* Sample Data */,
				F8B6EDE21D5DB3A50047C7A3 /* Main.storyboard */,
				F8B6EDE51D5DB3A50047C7A3 /* Assets.xcassets */,
				F8B6EDE71D5DB3A50047C7A3 /* LaunchScreen.storyboard */,
				F8B6EDEA1D5DB3A50047C7A3 /* Info.plist */,
			);
			path = OTMap;
			sourceTree = "<group>";
		};
		F8B6EE131D5DBF770047C7A3 /* Filter */ = {
			isa = PBXGroup;
			children = (
				F8B6EE0B1D5DB6B20047C7A3 /* FilterViewController.swift */,
				F8B6EE0D1D5DB70E0047C7A3 /* FilterTableViewCell.swift */,
				F8B6EE111D5DBE250047C7A3 /* FilterTableViewCell.xib */,
				F8B6EE0F1D5DB7CA0047C7A3 /* CellRequest.swift */,
			);
			name = Filter;
			sourceTree = "<group>";
		};
		F8B6EE1C1D5DE60A0047C7A3 /* Map */ = {
			isa = PBXGroup;
			children = (
				F8B6EDE01D5DB3A50047C7A3 /* MapViewController.swift */,
				F8B6EE161D5DC1170047C7A3 /* ActivityView.swift */,
				F8B6EE141D5DBF910047C7A3 /* LocationManager.swift */,
				F8082C6D1D61AA1C00C0586E /* Map Objects */,
				F80978091D671CD2006AA7EE /* Detail */,
				F8CD8F9C1D75CBE60094F41E /* TickerTape */,
			);
			name = Map;
			sourceTree = "<group>";
		};
		F8B6EE1D1D5DE6150047C7A3 /* Settings */ = {
			isa = PBXGroup;
			children = (
				F8B6EE1E1D5DE6380047C7A3 /* InfoViewController.swift */,
			);
			name = Settings;
			sourceTree = "<group>";
		};
		F8C7B5781D7F1701009F9C8C /* BitCarrier and ClearView */ = {
			isa = PBXGroup;
			children = (
				F8C7B5791D7F1724009F9C8C /* BitCarrierViewController.swift */,
				F85C4A4D1D8FCF8800D659D0 /* BitCarrierTsvViewController.swift */,
				F8FB6BA11D927FB4007BDB89 /* BitCarrierReportViewController.swift */,
				F85C4A521D8FF01000D659D0 /* ClearViewReportView.swift */,
			);
			name = "BitCarrier and ClearView";
			sourceTree = "<group>";
		};
		F8C7B5841D804F0B009F9C8C /* Sample Data */ = {
			isa = PBXGroup;
			children = (
				F8C7B5851D804F1A009F9C8C /* bit_carrier_silverstone_node.tsv */,
				F8C7B5861D804F1A009F9C8C /* bit_carrier_silverstone_sketch.tsv */,
				F894B12E1D8290D7003F8F6E /* bit_carrier_silverstone_config_vector.tsv */,
				F8C7B5881D804F1A009F9C8C /* bit_carrier_silverstone_data_vector.tsv */,
				F8C7B5871D804F1A009F9C8C /* bit_carrier_silverstone_travel_summary.tsv */,
				F894B13F1D868F11003F8F6E /* clearview_silverstone_device.tsv */,
				F894B1411D868F18003F8F6E /* clearview_silverstone_traffic.tsv */,
			);
			name = "Sample Data";
			sourceTree = "<group>";
		};
		F8CD8F9C1D75CBE60094F41E /* TickerTape */ = {
			isa = PBXGroup;
			children = (
				F8CD8F9E1D75CC050094F41E /* TickerTapeViewController.swift */,
			);
			name = TickerTape;
			sourceTree = "<group>";
		};
		F8CD8FA41D76D9730094F41E /* Favourites */ = {
			isa = PBXGroup;
			children = (
				F8CD8FA61D76D98F0094F41E /* FavouritesViewController.swift */,
				F894B13A1D82D2FF003F8F6E /* FavouritesDetailViewController.swift */,
				F8CD8FA81D76DBC90094F41E /* FavouritesTableViewCell.swift */,
				F8CD8FAA1D76DF710094F41E /* FavouritesTableViewCell.xib */,
				F8C7B5921D815640009F9C8C /* FavouritesHistoryTableViewCell.swift */,
				F8C7B5931D815640009F9C8C /* FavouritesHistoryTableViewCell.xib */,
				F894B1431D8694FF003F8F6E /* FavouritesHistoryDetailTableViewCell.swift */,
				F894B1441D8694FF003F8F6E /* FavouritesHistoryDetailTableViewCell.xib */,
				F8C7B58F1D814D3D009F9C8C /* BitCarrierVectorHistoryView.swift */,
				F8C7B5961D816BD6009F9C8C /* MapImageView.swift */,
			);
			name = Favourites;
			sourceTree = "<group>";
		};
		F8EC9FE71DB9F26800D2E509 /* Products */ = {
			isa = PBXGroup;
			children = (
				F8EC9FED1DB9F26800D2E509 /* FlorenceSDK.framework */,
				F8EC9FEF1DB9F26800D2E509 /* FlorenceSDKTests.xctest */,
			);
			name = Products;
			sourceTree = "<group>";
		};
/* End PBXGroup section */

/* Begin PBXNativeTarget section */
		F8B6EDDA1D5DB3A50047C7A3 /* OTMap */ = {
			isa = PBXNativeTarget;
			buildConfigurationList = F8B6EDED1D5DB3A50047C7A3 /* Build configuration list for PBXNativeTarget "OTMap" */;
			buildPhases = (
				F8B6EDD71D5DB3A50047C7A3 /* Sources */,
				F8B6EDD81D5DB3A50047C7A3 /* Frameworks */,
				F8B6EDD91D5DB3A50047C7A3 /* Resources */,
				F8B6EE081D5DB45E0047C7A3 /* Embed Frameworks */,
			);
			buildRules = (
			);
			dependencies = (
			);
			name = OTMap;
			productName = OTMap;
			productReference = F8B6EDDB1D5DB3A50047C7A3 /* OTMap.app */;
			productType = "com.apple.product-type.application";
		};
/* End PBXNativeTarget section */

/* Begin PBXProject section */
		F8B6EDD31D5DB3A50047C7A3 /* Project object */ = {
			isa = PBXProject;
			attributes = {
				LastSwiftUpdateCheck = 0730;
				LastUpgradeCheck = 0800;
				ORGANIZATIONNAME = InterDigital;
				TargetAttributes = {
					F8B6EDDA1D5DB3A50047C7A3 = {
						CreatedOnToolsVersion = 7.3;
						LastSwiftMigration = 0800;
						SystemCapabilities = {
							com.apple.BackgroundModes = {
								enabled = 1;
							};
						};
					};
				};
			};
			buildConfigurationList = F8B6EDD61D5DB3A50047C7A3 /* Build configuration list for PBXProject "OTMap" */;
			compatibilityVersion = "Xcode 3.2";
			developmentRegion = English;
			hasScannedForEncodings = 0;
			knownRegions = (
				en,
				Base,
			);
			mainGroup = F8B6EDD21D5DB3A50047C7A3;
			productRefGroup = F8B6EDDC1D5DB3A50047C7A3 /* Products */;
			projectDirPath = "";
			projectReferences = (
				{
					ProductGroup = F8EC9FE71DB9F26800D2E509 /* Products */;
					ProjectRef = F8EC9FE61DB9F26800D2E509 /* FlorenceSDK.xcodeproj */;
				},
				{
					ProductGroup = F84B9F361DB7C993000975FD /* Products */;
					ProjectRef = F84B9F351DB7C993000975FD /* oneTRANSPORT.xcodeproj */;
				},
			);
			projectRoot = "";
			targets = (
				F8B6EDDA1D5DB3A50047C7A3 /* OTMap */,
			);
		};
/* End PBXProject section */

/* Begin PBXReferenceProxy section */
		F84B9F3D1DB7C993000975FD /* oneTRANSPORT.framework */ = {
			isa = PBXReferenceProxy;
			fileType = wrapper.framework;
			path = oneTRANSPORT.framework;
			remoteRef = F84B9F3C1DB7C993000975FD /* PBXContainerItemProxy */;
			sourceTree = BUILT_PRODUCTS_DIR;
		};
		F84B9F3F1DB7C993000975FD /* oneTRANSPORTTests.xctest */ = {
			isa = PBXReferenceProxy;
			fileType = wrapper.cfbundle;
			path = oneTRANSPORTTests.xctest;
			remoteRef = F84B9F3E1DB7C993000975FD /* PBXContainerItemProxy */;
			sourceTree = BUILT_PRODUCTS_DIR;
		};
		F8EC9FED1DB9F26800D2E509 /* FlorenceSDK.framework */ = {
			isa = PBXReferenceProxy;
			fileType = wrapper.framework;
			path = FlorenceSDK.framework;
			remoteRef = F8EC9FEC1DB9F26800D2E509 /* PBXContainerItemProxy */;
			sourceTree = BUILT_PRODUCTS_DIR;
		};
		F8EC9FEF1DB9F26800D2E509 /* FlorenceSDKTests.xctest */ = {
			isa = PBXReferenceProxy;
			fileType = wrapper.cfbundle;
			path = FlorenceSDKTests.xctest;
			remoteRef = F8EC9FEE1DB9F26800D2E509 /* PBXContainerItemProxy */;
			sourceTree = BUILT_PRODUCTS_DIR;
		};
/* End PBXReferenceProxy section */

/* Begin PBXResourcesBuildPhase section */
		F8B6EDD91D5DB3A50047C7A3 /* Resources */ = {
			isa = PBXResourcesBuildPhase;
			buildActionMask = 2147483647;
			files = (
				F8B6EDE91D5DB3A50047C7A3 /* LaunchScreen.storyboard in Resources */,
				F8B6EDE41D5DB3A50047C7A3 /* Main.storyboard in Resources */,
				F8B6EE121D5DBE250047C7A3 /* FilterTableViewCell.xib in Resources */,
				F8CD8FAB1D76DF710094F41E /* FavouritesTableViewCell.xib in Resources */,
				F8C7B5951D815640009F9C8C /* FavouritesHistoryTableViewCell.xib in Resources */,
				F894B1461D8694FF003F8F6E /* FavouritesHistoryDetailTableViewCell.xib in Resources */,
				F8B6EDE61D5DB3A50047C7A3 /* Assets.xcassets in Resources */,
				F894B12F1D8290D7003F8F6E /* bit_carrier_silverstone_config_vector.tsv in Resources */,
				F8C7B58B1D804F1A009F9C8C /* bit_carrier_silverstone_travel_summary.tsv in Resources */,
				F894B1421D868F18003F8F6E /* clearview_silverstone_traffic.tsv in Resources */,
				F8C7B58A1D804F1A009F9C8C /* bit_carrier_silverstone_sketch.tsv in Resources */,
				F894B1401D868F11003F8F6E /* clearview_silverstone_device.tsv in Resources */,
				F8C7B5891D804F1A009F9C8C /* bit_carrier_silverstone_node.tsv in Resources */,
				F8C7B58C1D804F1A009F9C8C /* bit_carrier_silverstone_data_vector.tsv in Resources */,
			);
			runOnlyForDeploymentPostprocessing = 0;
		};
/* End PBXResourcesBuildPhase section */

/* Begin PBXSourcesBuildPhase section */
		F8B6EDD71D5DB3A50047C7A3 /* Sources */ = {
			isa = PBXSourcesBuildPhase;
			buildActionMask = 2147483647;
			files = (
				F894B1451D8694FF003F8F6E /* FavouritesHistoryDetailTableViewCell.swift in Sources */,
				F8B6EE0C1D5DB6B20047C7A3 /* FilterViewController.swift in Sources */,
				F809780C1D671CEE006AA7EE /* DetailViewController.swift in Sources */,
				F8C7B5821D8049BA009F9C8C /* PolyLineAnnotation.swift in Sources */,
				F8082C6F1D61AA5000C0586E /* AnnotationView.swift in Sources */,
				F8B6EE0E1D5DB70E0047C7A3 /* FilterTableViewCell.swift in Sources */,
				F85C4A531D8FF01000D659D0 /* ClearViewReportView.swift in Sources */,
				F8C7B5971D816BD6009F9C8C /* MapImageView.swift in Sources */,
				F8CD8F9F1D75CC050094F41E /* TickerTapeViewController.swift in Sources */,
				F8CD8FA71D76D98F0094F41E /* FavouritesViewController.swift in Sources */,
				F86AAA181D99370000D6F330 /* ExampleViewController.swift in Sources */,
				F894B13B1D82D2FF003F8F6E /* FavouritesDetailViewController.swift in Sources */,
				F8B6EE151D5DBF910047C7A3 /* LocationManager.swift in Sources */,
				F8082C751D61D5A400C0586E /* ClusterAnnotation.swift in Sources */,
				F8C7B5901D814D3D009F9C8C /* BitCarrierVectorHistoryView.swift in Sources */,
				F8082C6B1D61A6F500C0586E /* MapView.swift in Sources */,
				F8B6EDE11D5DB3A50047C7A3 /* MapViewController.swift in Sources */,
				F8FB6BA21D927FB4007BDB89 /* BitCarrierReportViewController.swift in Sources */,
				F8082C771D61E0EB00C0586E /* MapDataSource.swift in Sources */,
				F8082C711D61AB7500C0586E /* PointAnnotation.swift in Sources */,
				F8B6EE1F1D5DE6380047C7A3 /* InfoViewController.swift in Sources */,
				F85C4A4E1D8FCF8800D659D0 /* BitCarrierTsvViewController.swift in Sources */,
				F8B6EE171D5DC1170047C7A3 /* ActivityView.swift in Sources */,
				F8B6EE1B1D5DE3280047C7A3 /* BaseViewController.swift in Sources */,
				F8CD8FA91D76DBC90094F41E /* FavouritesTableViewCell.swift in Sources */,
				F8C7B57A1D7F1724009F9C8C /* BitCarrierViewController.swift in Sources */,
				F8B6EDDF1D5DB3A50047C7A3 /* AppDelegate.swift in Sources */,
				F8B6EE101D5DBCF70047C7A3 /* CellRequest.swift in Sources */,
				F8082C731D61B9AE00C0586E /* ClusterManager.swift in Sources */,
				F8C7B5941D815640009F9C8C /* FavouritesHistoryTableViewCell.swift in Sources */,
				F8B6EE211D5DE6480047C7A3 /* MainViewController.swift in Sources */,
			);
			runOnlyForDeploymentPostprocessing = 0;
		};
/* End PBXSourcesBuildPhase section */

/* Begin PBXVariantGroup section */
		F8B6EDE21D5DB3A50047C7A3 /* Main.storyboard */ = {
			isa = PBXVariantGroup;
			children = (
				F8B6EDE31D5DB3A50047C7A3 /* Base */,
			);
			name = Main.storyboard;
			sourceTree = "<group>";
		};
		F8B6EDE71D5DB3A50047C7A3 /* LaunchScreen.storyboard */ = {
			isa = PBXVariantGroup;
			children = (
				F8B6EDE81D5DB3A50047C7A3 /* Base */,
			);
			name = LaunchScreen.storyboard;
			sourceTree = "<group>";
		};
/* End PBXVariantGroup section */

/* Begin XCBuildConfiguration section */
		F8B6EDEB1D5DB3A50047C7A3 /* Debug */ = {
			isa = XCBuildConfiguration;
			buildSettings = {
				ALWAYS_SEARCH_USER_PATHS = NO;
				CLANG_ANALYZER_NONNULL = YES;
				CLANG_CXX_LANGUAGE_STANDARD = "gnu++0x";
				CLANG_CXX_LIBRARY = "libc++";
				CLANG_ENABLE_MODULES = YES;
				CLANG_ENABLE_OBJC_ARC = YES;
				CLANG_WARN_BOOL_CONVERSION = YES;
				CLANG_WARN_CONSTANT_CONVERSION = YES;
				CLANG_WARN_DIRECT_OBJC_ISA_USAGE = YES_ERROR;
				CLANG_WARN_EMPTY_BODY = YES;
				CLANG_WARN_ENUM_CONVERSION = YES;
				CLANG_WARN_INFINITE_RECURSION = YES;
				CLANG_WARN_INT_CONVERSION = YES;
				CLANG_WARN_OBJC_ROOT_CLASS = YES_ERROR;
				CLANG_WARN_SUSPICIOUS_MOVE = YES;
				CLANG_WARN_UNREACHABLE_CODE = YES;
				CLANG_WARN__DUPLICATE_METHOD_MATCH = YES;
				"CODE_SIGN_IDENTITY[sdk=iphoneos*]" = "iPhone Developer";
				COPY_PHASE_STRIP = NO;
				DEBUG_INFORMATION_FORMAT = dwarf;
				ENABLE_STRICT_OBJC_MSGSEND = YES;
				ENABLE_TESTABILITY = YES;
				GCC_C_LANGUAGE_STANDARD = gnu99;
				GCC_DYNAMIC_NO_PIC = NO;
				GCC_NO_COMMON_BLOCKS = YES;
				GCC_OPTIMIZATION_LEVEL = 0;
				GCC_PREPROCESSOR_DEFINITIONS = (
					"DEBUG=1",
					"$(inherited)",
				);
				GCC_WARN_64_TO_32_BIT_CONVERSION = YES;
				GCC_WARN_ABOUT_RETURN_TYPE = YES_ERROR;
				GCC_WARN_UNDECLARED_SELECTOR = YES;
				GCC_WARN_UNINITIALIZED_AUTOS = YES_AGGRESSIVE;
				GCC_WARN_UNUSED_FUNCTION = YES;
				GCC_WARN_UNUSED_VARIABLE = YES;
				IPHONEOS_DEPLOYMENT_TARGET = 9.3;
				MTL_ENABLE_DEBUG_INFO = YES;
				ONLY_ACTIVE_ARCH = YES;
				SDKROOT = iphoneos;
				SWIFT_OPTIMIZATION_LEVEL = "-Onone";
			};
			name = Debug;
		};
		F8B6EDEC1D5DB3A50047C7A3 /* Release */ = {
			isa = XCBuildConfiguration;
			buildSettings = {
				ALWAYS_SEARCH_USER_PATHS = NO;
				CLANG_ANALYZER_NONNULL = YES;
				CLANG_CXX_LANGUAGE_STANDARD = "gnu++0x";
				CLANG_CXX_LIBRARY = "libc++";
				CLANG_ENABLE_MODULES = YES;
				CLANG_ENABLE_OBJC_ARC = YES;
				CLANG_WARN_BOOL_CONVERSION = YES;
				CLANG_WARN_CONSTANT_CONVERSION = YES;
				CLANG_WARN_DIRECT_OBJC_ISA_USAGE = YES_ERROR;
				CLANG_WARN_EMPTY_BODY = YES;
				CLANG_WARN_ENUM_CONVERSION = YES;
				CLANG_WARN_INFINITE_RECURSION = YES;
				CLANG_WARN_INT_CONVERSION = YES;
				CLANG_WARN_OBJC_ROOT_CLASS = YES_ERROR;
				CLANG_WARN_SUSPICIOUS_MOVE = YES;
				CLANG_WARN_UNREACHABLE_CODE = YES;
				CLANG_WARN__DUPLICATE_METHOD_MATCH = YES;
				"CODE_SIGN_IDENTITY[sdk=iphoneos*]" = "iPhone Developer";
				COPY_PHASE_STRIP = NO;
				DEBUG_INFORMATION_FORMAT = "dwarf-with-dsym";
				ENABLE_NS_ASSERTIONS = NO;
				ENABLE_STRICT_OBJC_MSGSEND = YES;
				GCC_C_LANGUAGE_STANDARD = gnu99;
				GCC_NO_COMMON_BLOCKS = YES;
				GCC_WARN_64_TO_32_BIT_CONVERSION = YES;
				GCC_WARN_ABOUT_RETURN_TYPE = YES_ERROR;
				GCC_WARN_UNDECLARED_SELECTOR = YES;
				GCC_WARN_UNINITIALIZED_AUTOS = YES_AGGRESSIVE;
				GCC_WARN_UNUSED_FUNCTION = YES;
				GCC_WARN_UNUSED_VARIABLE = YES;
				IPHONEOS_DEPLOYMENT_TARGET = 9.3;
				MTL_ENABLE_DEBUG_INFO = NO;
				SDKROOT = iphoneos;
				SWIFT_OPTIMIZATION_LEVEL = "-Owholemodule";
				VALIDATE_PRODUCT = YES;
			};
			name = Release;
		};
		F8B6EDEE1D5DB3A50047C7A3 /* Debug */ = {
			isa = XCBuildConfiguration;
			buildSettings = {
				ASSETCATALOG_COMPILER_APPICON_NAME = AppIcon;
				CODE_SIGN_IDENTITY = "iPhone Developer";
				"CODE_SIGN_IDENTITY[sdk=iphoneos*]" = "iPhone Developer";
				DEVELOPMENT_TEAM = "";
				FRAMEWORK_SEARCH_PATHS = (
					"$(inherited)",
					"$(PROJECT_DIR)",
				);
				INFOPLIST_FILE = OTMap/Info.plist;
				IPHONEOS_DEPLOYMENT_TARGET = 9.0;
				LD_RUNPATH_SEARCH_PATHS = "$(inherited) @executable_path/Frameworks";
				PRODUCT_BUNDLE_IDENTIFIER = com.yourbundleidentifier;
				PRODUCT_NAME = "$(TARGET_NAME)";
				PROVISIONING_PROFILE = "";
				SWIFT_VERSION = 3.0;
			};
			name = Debug;
		};
		F8B6EDEF1D5DB3A50047C7A3 /* Release */ = {
			isa = XCBuildConfiguration;
			buildSettings = {
				ASSETCATALOG_COMPILER_APPICON_NAME = AppIcon;
				CODE_SIGN_IDENTITY = "iPhone Developer";
				"CODE_SIGN_IDENTITY[sdk=iphoneos*]" = "iPhone Developer";
				DEVELOPMENT_TEAM = "";
				FRAMEWORK_SEARCH_PATHS = (
					"$(inherited)",
					"$(PROJECT_DIR)",
				);
				INFOPLIST_FILE = OTMap/Info.plist;
				IPHONEOS_DEPLOYMENT_TARGET = 9.0;
				LD_RUNPATH_SEARCH_PATHS = "$(inherited) @executable_path/Frameworks";
				PRODUCT_BUNDLE_IDENTIFIER = com.yourbundleidentifier;
				PRODUCT_NAME = "$(TARGET_NAME)";
				PROVISIONING_PROFILE = "";
				SWIFT_VERSION = 3.0;
			};
			name = Release;
		};
/* End XCBuildConfiguration section */

/* Begin XCConfigurationList section */
		F8B6EDD61D5DB3A50047C7A3 /* Build configuration list for PBXProject "OTMap" */ = {
			isa = XCConfigurationList;
			buildConfigurations = (
				F8B6EDEB1D5DB3A50047C7A3 /* Debug */,
				F8B6EDEC1D5DB3A50047C7A3 /* Release */,
			);
			defaultConfigurationIsVisible = 0;
			defaultConfigurationName = Release;
		};
		F8B6EDED1D5DB3A50047C7A3 /* Build configuration list for PBXNativeTarget "OTMap" */ = {
			isa = XCConfigurationList;
			buildConfigurations = (
				F8B6EDEE1D5DB3A50047C7A3 /* Debug */,
				F8B6EDEF1D5DB3A50047C7A3 /* Release */,
			);
			defaultConfigurationIsVisible = 0;
			defaultConfigurationName = Release;
		};
/* End XCConfigurationList section */
	};
	rootObject = F8B6EDD31D5DB3A50047C7A3 /* Project object */;
}
